// !$*UTF8*$!
{
	archiveVersion = 1;
	classes = {
	};
	objectVersion = 46;
	objects = {

/* Begin PBXAggregateTarget section */
		D8376BE9186E2F6D00B45FA3 /* OBFramework */ = {
			isa = PBXAggregateTarget;
			buildConfigurationList = D8376BEA186E2F6D00B45FA3 /* Build configuration list for PBXAggregateTarget "OBFramework" */;
			buildPhases = (
				D8376BEF186E2F8C00B45FA3 /* ShellScript */,
			);
			dependencies = (
				D8376BEE186E2F7800B45FA3 /* PBXTargetDependency */,
			);
			name = OBFramework;
			productName = OBFramework;
		};
/* End PBXAggregateTarget section */

/* Begin PBXBuildFile section */
		D800EBEB18A2E64A00404AD9 /* OBRequestTest.m in Sources */ = {isa = PBXBuildFile; fileRef = D800EBEA18A2E64A00404AD9 /* OBRequestTest.m */; };
		D8299EA018B28BB200196107 /* CoreGraphics.framework in Frameworks */ = {isa = PBXBuildFile; fileRef = D8C91A791871FEED005916A2 /* CoreGraphics.framework */; };
		D8299EA418B28E1800196107 /* ILCannedURLProtocol.m in Sources */ = {isa = PBXBuildFile; fileRef = D8299EA318B28E1800196107 /* ILCannedURLProtocol.m */; settings = {COMPILER_FLAGS = "-fno-objc-arc"; }; };
		D82F1D7918564C7700D4DEA8 /* Foundation.framework in Frameworks */ = {isa = PBXBuildFile; fileRef = D82F1D7818564C7700D4DEA8 /* Foundation.framework */; };
		D82F1D8018564C7700D4DEA8 /* Outbrain.m in Sources */ = {isa = PBXBuildFile; fileRef = D82F1D7F18564C7700D4DEA8 /* Outbrain.m */; };
		D82F1D8818564C7800D4DEA8 /* Foundation.framework in Frameworks */ = {isa = PBXBuildFile; fileRef = D82F1D7818564C7700D4DEA8 /* Foundation.framework */; };
		D82F1D9318564C7800D4DEA8 /* InfoPlist.strings in Resources */ = {isa = PBXBuildFile; fileRef = D82F1D9118564C7800D4DEA8 /* InfoPlist.strings */; };
		D82F1D9518564C7800D4DEA8 /* OutbrainSDKTests.m in Sources */ = {isa = PBXBuildFile; fileRef = D82F1D9418564C7800D4DEA8 /* OutbrainSDKTests.m */; };
		D8376BE7186E276500B45FA3 /* OutbrainSDK.h in Headers */ = {isa = PBXBuildFile; fileRef = D8376BE6186E276500B45FA3 /* OutbrainSDK.h */; settings = {ATTRIBUTES = (Public, ); }; };
		D849D1091868B67300CB4B83 /* OBContentTest.m in Sources */ = {isa = PBXBuildFile; fileRef = D849D1081868B67300CB4B83 /* OBContentTest.m */; };
		D849D10B1868BB4D00CB4B83 /* Outbrain_Private.h in Headers */ = {isa = PBXBuildFile; fileRef = D849D10A1868BB4D00CB4B83 /* Outbrain_Private.h */; settings = {ATTRIBUTES = (Private, ); }; };
		D849D1111868C96600CB4B83 /* OBResponseTest.m in Sources */ = {isa = PBXBuildFile; fileRef = D849D1101868C96600CB4B83 /* OBResponseTest.m */; };
		D85409BB1875D6320088DF2A /* OBNetworkTest.m in Sources */ = {isa = PBXBuildFile; fileRef = D85409BA1875D6320088DF2A /* OBNetworkTest.m */; };
		D85409BD1875D6490088DF2A /* OBCannedNetworkTest.m in Sources */ = {isa = PBXBuildFile; fileRef = D85409BC1875D6490088DF2A /* OBCannedNetworkTest.m */; };
		D87E89A9187CBD82005572D0 /* libOutbrainSDK.a in Frameworks */ = {isa = PBXBuildFile; fileRef = D82F1D7518564C7700D4DEA8 /* libOutbrainSDK.a */; };
		D896215B1887111200BA917D /* InfoPlist.strings in Resources */ = {isa = PBXBuildFile; fileRef = D896214E1887111200BA917D /* InfoPlist.strings */; };
		D896215C1887111200BA917D /* Images.xcassets in Resources */ = {isa = PBXBuildFile; fileRef = D89621501887111200BA917D /* Images.xcassets */; };
		D896215D1887111200BA917D /* main.m in Sources */ = {isa = PBXBuildFile; fileRef = D89621511887111200BA917D /* main.m */; };
		D896215E1887111200BA917D /* OBAppDelegate.m in Sources */ = {isa = PBXBuildFile; fileRef = D89621531887111200BA917D /* OBAppDelegate.m */; };
		D89621601887111200BA917D /* OBReccomendationResponseListVC.m in Sources */ = {isa = PBXBuildFile; fileRef = D89621571887111200BA917D /* OBReccomendationResponseListVC.m */; };
		D89621611887111200BA917D /* OBWebViewController.m in Sources */ = {isa = PBXBuildFile; fileRef = D89621591887111200BA917D /* OBWebViewController.m */; };
		D89621621887111200BA917D /* Settings.bundle in Resources */ = {isa = PBXBuildFile; fileRef = D896215A1887111200BA917D /* Settings.bundle */; };
		D8962165188711D200BA917D /* OBConfig.json in Resources */ = {isa = PBXBuildFile; fileRef = D8962163188711D200BA917D /* OBConfig.json */; };
		D8962166188711D200BA917D /* OBConfig.plist in Resources */ = {isa = PBXBuildFile; fileRef = D8962164188711D200BA917D /* OBConfig.plist */; };
		D8962C26186DEE5B009A37A4 /* OBAsyncTest.m in Sources */ = {isa = PBXBuildFile; fileRef = D8962C25186DEE5B009A37A4 /* OBAsyncTest.m */; };
		D8BC5CCD187CB5590018E88F /* OBConfig.plist in Resources */ = {isa = PBXBuildFile; fileRef = D8BC5CCC187CB5590018E88F /* OBConfig.plist */; };
		D8BC5CCF187CB5770018E88F /* OBConfig.json in Resources */ = {isa = PBXBuildFile; fileRef = D8BC5CCE187CB5770018E88F /* OBConfig.json */; };
		D8C91AB01871FF20005916A2 /* Foundation.framework in Frameworks */ = {isa = PBXBuildFile; fileRef = D82F1D7818564C7700D4DEA8 /* Foundation.framework */; };
		D8C91AB11871FF20005916A2 /* CoreGraphics.framework in Frameworks */ = {isa = PBXBuildFile; fileRef = D8C91A791871FEED005916A2 /* CoreGraphics.framework */; };
		D8C91AE518720DCA005916A2 /* libOutbrainSDK.a in Frameworks */ = {isa = PBXBuildFile; fileRef = D82F1D7518564C7700D4DEA8 /* libOutbrainSDK.a */; };
		D8D1FD61187327CB0099831C /* Security.framework in Frameworks */ = {isa = PBXBuildFile; fileRef = D8D1FD60187327CB0099831C /* Security.framework */; };
		D8D1FD63187327D20099831C /* QuartzCore.framework in Frameworks */ = {isa = PBXBuildFile; fileRef = D8D1FD62187327D20099831C /* QuartzCore.framework */; };
		D8EE587D185A1A85008F36C4 /* Outbrain.h in Headers */ = {isa = PBXBuildFile; fileRef = D82F1D7D18564C7700D4DEA8 /* Outbrain.h */; settings = {ATTRIBUTES = (Public, ); }; };
		E604CE731C427DC600D45C31 /* module.modulemap in CopyFiles */ = {isa = PBXBuildFile; fileRef = E604CE711C427D9000D45C31 /* module.modulemap */; };
		E607D4D91BDD16BE009A534B /* 0-recommendations.json in Resources */ = {isa = PBXBuildFile; fileRef = E607D4D61BDD16BE009A534B /* 0-recommendations.json */; };
		E607D4DA1BDD16BE009A534B /* full response images.json in Resources */ = {isa = PBXBuildFile; fileRef = E607D4D71BDD16BE009A534B /* full response images.json */; };
		E607D4DB1BDD16BE009A534B /* full response no images.json in Resources */ = {isa = PBXBuildFile; fileRef = E607D4D81BDD16BE009A534B /* full response no images.json */; };
		E61C737B1D2A47D300DA1CB0 /* OBBridge.h in Headers */ = {isa = PBXBuildFile; fileRef = E61C73791D2A47D300DA1CB0 /* OBBridge.h */; settings = {ATTRIBUTES = (Public, ); }; };
		E61C737C1D2A47D300DA1CB0 /* OBBridge.m in Sources */ = {isa = PBXBuildFile; fileRef = E61C737A1D2A47D300DA1CB0 /* OBBridge.m */; };
		E61C73881D2A4AA300DA1CB0 /* CustomWebViewManager.h in Headers */ = {isa = PBXBuildFile; fileRef = E61C737E1D2A4AA300DA1CB0 /* CustomWebViewManager.h */; };
		E61C73891D2A4AA300DA1CB0 /* CustomWebViewManager.m in Sources */ = {isa = PBXBuildFile; fileRef = E61C737F1D2A4AA300DA1CB0 /* CustomWebViewManager.m */; };
		E61C738A1D2A4AA300DA1CB0 /* NJKWebViewProgress.h in Headers */ = {isa = PBXBuildFile; fileRef = E61C73821D2A4AA300DA1CB0 /* NJKWebViewProgress.h */; };
		E61C738B1D2A4AA300DA1CB0 /* NJKWebViewProgress.m in Sources */ = {isa = PBXBuildFile; fileRef = E61C73831D2A4AA300DA1CB0 /* NJKWebViewProgress.m */; };
		E61C738C1D2A4AA300DA1CB0 /* OBWebView.h in Headers */ = {isa = PBXBuildFile; fileRef = E61C73841D2A4AA300DA1CB0 /* OBWebView.h */; settings = {ATTRIBUTES = (Public, ); }; };
		E61C738D1D2A4AA300DA1CB0 /* OBWebView.m in Sources */ = {isa = PBXBuildFile; fileRef = E61C73851D2A4AA300DA1CB0 /* OBWebView.m */; };
		E61C738E1D2A4AA300DA1CB0 /* OBWKWebview.h in Headers */ = {isa = PBXBuildFile; fileRef = E61C73861D2A4AA300DA1CB0 /* OBWKWebview.h */; settings = {ATTRIBUTES = (Public, ); }; };
		E61C738F1D2A4AA300DA1CB0 /* OBWKWebview.m in Sources */ = {isa = PBXBuildFile; fileRef = E61C73871D2A4AA300DA1CB0 /* OBWKWebview.m */; };
		E61C73971D2A4B6100DA1CB0 /* OBLabel.h in Headers */ = {isa = PBXBuildFile; fileRef = E61C73911D2A4B6100DA1CB0 /* OBLabel.h */; settings = {ATTRIBUTES = (Public, ); }; };
		E61C73981D2A4B6100DA1CB0 /* OBLabel.m in Sources */ = {isa = PBXBuildFile; fileRef = E61C73921D2A4B6100DA1CB0 /* OBLabel.m */; };
		E61C73991D2A4B6100DA1CB0 /* OBViewabilityService.h in Headers */ = {isa = PBXBuildFile; fileRef = E61C73931D2A4B6100DA1CB0 /* OBViewabilityService.h */; };
		E61C739A1D2A4B6100DA1CB0 /* OBViewabilityService.m in Sources */ = {isa = PBXBuildFile; fileRef = E61C73941D2A4B6100DA1CB0 /* OBViewabilityService.m */; };
		E61C739B1D2A4B6100DA1CB0 /* UIView+Visible.h in Headers */ = {isa = PBXBuildFile; fileRef = E61C73951D2A4B6100DA1CB0 /* UIView+Visible.h */; };
		E61C739C1D2A4B6100DA1CB0 /* UIView+Visible.m in Sources */ = {isa = PBXBuildFile; fileRef = E61C73961D2A4B6100DA1CB0 /* UIView+Visible.m */; };
		E61C73B21D2A4C9300DA1CB0 /* OBContent.h in Headers */ = {isa = PBXBuildFile; fileRef = E61C739F1D2A4C9300DA1CB0 /* OBContent.h */; settings = {ATTRIBUTES = (Public, ); }; };
		E61C73B31D2A4C9300DA1CB0 /* OBContent.m in Sources */ = {isa = PBXBuildFile; fileRef = E61C73A01D2A4C9300DA1CB0 /* OBContent.m */; };
		E61C73B41D2A4C9300DA1CB0 /* OBContent_Private.h in Headers */ = {isa = PBXBuildFile; fileRef = E61C73A11D2A4C9300DA1CB0 /* OBContent_Private.h */; };
		E61C73B51D2A4C9300DA1CB0 /* OBImage.h in Headers */ = {isa = PBXBuildFile; fileRef = E61C73A21D2A4C9300DA1CB0 /* OBImage.h */; settings = {ATTRIBUTES = (Public, ); }; };
		E61C73B61D2A4C9300DA1CB0 /* OBImage.m in Sources */ = {isa = PBXBuildFile; fileRef = E61C73A31D2A4C9300DA1CB0 /* OBImage.m */; };
		E61C73B71D2A4C9300DA1CB0 /* OBRecommendation.h in Headers */ = {isa = PBXBuildFile; fileRef = E61C73A41D2A4C9300DA1CB0 /* OBRecommendation.h */; settings = {ATTRIBUTES = (Public, ); }; };
		E61C73B81D2A4C9300DA1CB0 /* OBRecommendation.m in Sources */ = {isa = PBXBuildFile; fileRef = E61C73A51D2A4C9300DA1CB0 /* OBRecommendation.m */; };
		E61C73B91D2A4C9300DA1CB0 /* OBRequest.h in Headers */ = {isa = PBXBuildFile; fileRef = E61C73A71D2A4C9300DA1CB0 /* OBRequest.h */; settings = {ATTRIBUTES = (Public, ); }; };
		E61C73BA1D2A4C9300DA1CB0 /* OBRequest.m in Sources */ = {isa = PBXBuildFile; fileRef = E61C73A81D2A4C9300DA1CB0 /* OBRequest.m */; };
		E61C73BB1D2A4C9300DA1CB0 /* OBRecommendationResponse.h in Headers */ = {isa = PBXBuildFile; fileRef = E61C73AA1D2A4C9300DA1CB0 /* OBRecommendationResponse.h */; settings = {ATTRIBUTES = (Public, ); }; };
		E61C73BC1D2A4C9300DA1CB0 /* OBRecommendationResponse.m in Sources */ = {isa = PBXBuildFile; fileRef = E61C73AB1D2A4C9300DA1CB0 /* OBRecommendationResponse.m */; };
		E61C73BD1D2A4C9300DA1CB0 /* OBResponse.h in Headers */ = {isa = PBXBuildFile; fileRef = E61C73AC1D2A4C9300DA1CB0 /* OBResponse.h */; settings = {ATTRIBUTES = (Public, ); }; };
		E61C73BE1D2A4C9300DA1CB0 /* OBResponse.m in Sources */ = {isa = PBXBuildFile; fileRef = E61C73AD1D2A4C9300DA1CB0 /* OBResponse.m */; };
		E61C73BF1D2A4C9300DA1CB0 /* OBResponseRequest.h in Headers */ = {isa = PBXBuildFile; fileRef = E61C73AE1D2A4C9300DA1CB0 /* OBResponseRequest.h */; settings = {ATTRIBUTES = (Public, ); }; };
		E61C73C01D2A4C9300DA1CB0 /* OBResponseRequest.m in Sources */ = {isa = PBXBuildFile; fileRef = E61C73AF1D2A4C9300DA1CB0 /* OBResponseRequest.m */; };
		E61C73C11D2A4C9300DA1CB0 /* OBSettings.h in Headers */ = {isa = PBXBuildFile; fileRef = E61C73B01D2A4C9300DA1CB0 /* OBSettings.h */; settings = {ATTRIBUTES = (Public, ); }; };
		E61C73C21D2A4C9300DA1CB0 /* OBSettings.m in Sources */ = {isa = PBXBuildFile; fileRef = E61C73B11D2A4C9300DA1CB0 /* OBSettings.m */; };
		E61C73D21D2A4D4100DA1CB0 /* OBClickRegistrationOperation.h in Headers */ = {isa = PBXBuildFile; fileRef = E61C73C41D2A4D4100DA1CB0 /* OBClickRegistrationOperation.h */; };
		E61C73D31D2A4D4100DA1CB0 /* OBClickRegistrationOperation.m in Sources */ = {isa = PBXBuildFile; fileRef = E61C73C51D2A4D4100DA1CB0 /* OBClickRegistrationOperation.m */; };
		E61C73D41D2A4D4100DA1CB0 /* OBOperation.h in Headers */ = {isa = PBXBuildFile; fileRef = E61C73C61D2A4D4100DA1CB0 /* OBOperation.h */; };
		E61C73D51D2A4D4100DA1CB0 /* OBOperation.m in Sources */ = {isa = PBXBuildFile; fileRef = E61C73C71D2A4D4100DA1CB0 /* OBOperation.m */; };
		E61C73D61D2A4D4100DA1CB0 /* OBPostOperation.h in Headers */ = {isa = PBXBuildFile; fileRef = E61C73C81D2A4D4100DA1CB0 /* OBPostOperation.h */; };
		E61C73D71D2A4D4100DA1CB0 /* OBPostOperation.m in Sources */ = {isa = PBXBuildFile; fileRef = E61C73C91D2A4D4100DA1CB0 /* OBPostOperation.m */; };
		E61C73D81D2A4D4100DA1CB0 /* OBRecommendationRequestOperation.h in Headers */ = {isa = PBXBuildFile; fileRef = E61C73CA1D2A4D4100DA1CB0 /* OBRecommendationRequestOperation.h */; };
		E61C73D91D2A4D4100DA1CB0 /* OBRecommendationRequestOperation.m in Sources */ = {isa = PBXBuildFile; fileRef = E61C73CB1D2A4D4100DA1CB0 /* OBRecommendationRequestOperation.m */; };
		E61C73DA1D2A4D4100DA1CB0 /* OBViewabilityOperation.h in Headers */ = {isa = PBXBuildFile; fileRef = E61C73CC1D2A4D4100DA1CB0 /* OBViewabilityOperation.h */; };
		E61C73DB1D2A4D4100DA1CB0 /* OBViewabilityOperation.m in Sources */ = {isa = PBXBuildFile; fileRef = E61C73CD1D2A4D4100DA1CB0 /* OBViewabilityOperation.m */; };
		E61C73DC1D2A4D4100DA1CB0 /* OBReachability.h in Headers */ = {isa = PBXBuildFile; fileRef = E61C73D01D2A4D4100DA1CB0 /* OBReachability.h */; };
		E61C73DD1D2A4D4100DA1CB0 /* OBReachability.m in Sources */ = {isa = PBXBuildFile; fileRef = E61C73D11D2A4D4100DA1CB0 /* OBReachability.m */; };
		E61C73E91D2A4DB800DA1CB0 /* OBAppleAdIdUtil.h in Headers */ = {isa = PBXBuildFile; fileRef = E61C73DF1D2A4DB800DA1CB0 /* OBAppleAdIdUtil.h */; };
		E61C73EA1D2A4DB800DA1CB0 /* OBAppleAdIdUtil.m in Sources */ = {isa = PBXBuildFile; fileRef = E61C73E01D2A4DB800DA1CB0 /* OBAppleAdIdUtil.m */; };
		E61C73EB1D2A4DB800DA1CB0 /* OBErrors.h in Headers */ = {isa = PBXBuildFile; fileRef = E61C73E21D2A4DB800DA1CB0 /* OBErrors.h */; settings = {ATTRIBUTES = (Public, ); }; };
		E61C73EC1D2A4DB800DA1CB0 /* OBErrors.m in Sources */ = {isa = PBXBuildFile; fileRef = E61C73E31D2A4DB800DA1CB0 /* OBErrors.m */; };
		E61C73ED1D2A4DB800DA1CB0 /* OBRecommendationsTokenHandler.h in Headers */ = {isa = PBXBuildFile; fileRef = E61C73E51D2A4DB800DA1CB0 /* OBRecommendationsTokenHandler.h */; };
		E61C73EE1D2A4DB800DA1CB0 /* OBRecommendationsTokenHandler.m in Sources */ = {isa = PBXBuildFile; fileRef = E61C73E61D2A4DB800DA1CB0 /* OBRecommendationsTokenHandler.m */; };
		E61C73EF1D2A4DB800DA1CB0 /* OBProtocols.h in Headers */ = {isa = PBXBuildFile; fileRef = E61C73E81D2A4DB800DA1CB0 /* OBProtocols.h */; settings = {ATTRIBUTES = (Public, ); }; };
		E6E91F7A1D2D08E300A777F3 /* OutbrainHelper.h in Headers */ = {isa = PBXBuildFile; fileRef = E6E91F781D2D08E300A777F3 /* OutbrainHelper.h */; };
		E6E91F7B1D2D08E300A777F3 /* OutbrainHelper.m in Sources */ = {isa = PBXBuildFile; fileRef = E6E91F791D2D08E300A777F3 /* OutbrainHelper.m */; };
		FC6068661A7E85E0008B5C6E /* AdSupport.framework in Frameworks */ = {isa = PBXBuildFile; fileRef = FC820C0F19DAF0A800ABAD89 /* AdSupport.framework */; };
		FC820C1019DAF0A800ABAD89 /* AdSupport.framework in Frameworks */ = {isa = PBXBuildFile; fileRef = FC820C0F19DAF0A800ABAD89 /* AdSupport.framework */; };
/* End PBXBuildFile section */

/* Begin PBXContainerItemProxy section */
		D8376BED186E2F7800B45FA3 /* PBXContainerItemProxy */ = {
			isa = PBXContainerItemProxy;
			containerPortal = D82F1D6D18564C7700D4DEA8 /* Project object */;
			proxyType = 1;
			remoteGlobalIDString = D82F1D7418564C7700D4DEA8;
			remoteInfo = OutbrainSDK;
		};
		D896217D18871CCD00BA917D /* PBXContainerItemProxy */ = {
			isa = PBXContainerItemProxy;
			containerPortal = D82F1D6D18564C7700D4DEA8 /* Project object */;
			proxyType = 1;
			remoteGlobalIDString = D8C91AAE1871FF20005916A2;
			remoteInfo = OBIntegrationTests;
		};
/* End PBXContainerItemProxy section */

/* Begin PBXCopyFilesBuildPhase section */
		E604CE721C427DBC00D45C31 /* CopyFiles */ = {
			isa = PBXCopyFilesBuildPhase;
			buildActionMask = 2147483647;
			dstPath = OutbrainSDK.framework/Modules;
			dstSubfolderSpec = 16;
			files = (
				E604CE731C427DC600D45C31 /* module.modulemap in CopyFiles */,
			);
			runOnlyForDeploymentPostprocessing = 0;
		};
/* End PBXCopyFilesBuildPhase section */

/* Begin PBXFileReference section */
		D800EBEA18A2E64A00404AD9 /* OBRequestTest.m */ = {isa = PBXFileReference; fileEncoding = 4; lastKnownFileType = sourcecode.c.objc; path = OBRequestTest.m; sourceTree = "<group>"; };
		D8299EA218B28E1800196107 /* ILCannedURLProtocol.h */ = {isa = PBXFileReference; fileEncoding = 4; lastKnownFileType = sourcecode.c.h; path = ILCannedURLProtocol.h; sourceTree = "<group>"; };
		D8299EA318B28E1800196107 /* ILCannedURLProtocol.m */ = {isa = PBXFileReference; fileEncoding = 4; lastKnownFileType = sourcecode.c.objc; path = ILCannedURLProtocol.m; sourceTree = "<group>"; };
		D82F1D7518564C7700D4DEA8 /* libOutbrainSDK.a */ = {isa = PBXFileReference; explicitFileType = archive.ar; includeInIndex = 0; path = libOutbrainSDK.a; sourceTree = BUILT_PRODUCTS_DIR; };
		D82F1D7818564C7700D4DEA8 /* Foundation.framework */ = {isa = PBXFileReference; lastKnownFileType = wrapper.framework; name = Foundation.framework; path = System/Library/Frameworks/Foundation.framework; sourceTree = SDKROOT; };
		D82F1D7C18564C7700D4DEA8 /* OutbrainSDK-Prefix.pch */ = {isa = PBXFileReference; lastKnownFileType = sourcecode.c.h; path = "OutbrainSDK-Prefix.pch"; sourceTree = "<group>"; };
		D82F1D7D18564C7700D4DEA8 /* Outbrain.h */ = {isa = PBXFileReference; lastKnownFileType = sourcecode.c.h; path = Outbrain.h; sourceTree = "<group>"; };
		D82F1D7F18564C7700D4DEA8 /* Outbrain.m */ = {isa = PBXFileReference; lastKnownFileType = sourcecode.c.objc; path = Outbrain.m; sourceTree = "<group>"; };
		D82F1D8518564C7800D4DEA8 /* OutbrainSDKTests.xctest */ = {isa = PBXFileReference; explicitFileType = wrapper.cfbundle; includeInIndex = 0; path = OutbrainSDKTests.xctest; sourceTree = BUILT_PRODUCTS_DIR; };
		D82F1D9018564C7800D4DEA8 /* OutbrainSDKTests-Info.plist */ = {isa = PBXFileReference; lastKnownFileType = text.plist.xml; path = "OutbrainSDKTests-Info.plist"; sourceTree = "<group>"; };
		D82F1D9218564C7800D4DEA8 /* en */ = {isa = PBXFileReference; lastKnownFileType = text.plist.strings; name = en; path = en.lproj/InfoPlist.strings; sourceTree = "<group>"; };
		D82F1D9418564C7800D4DEA8 /* OutbrainSDKTests.m */ = {isa = PBXFileReference; lastKnownFileType = sourcecode.c.objc; path = OutbrainSDKTests.m; sourceTree = "<group>"; };
		D8376BE6186E276500B45FA3 /* OutbrainSDK.h */ = {isa = PBXFileReference; fileEncoding = 4; lastKnownFileType = sourcecode.c.h; path = OutbrainSDK.h; sourceTree = "<group>"; };
		D849D1081868B67300CB4B83 /* OBContentTest.m */ = {isa = PBXFileReference; fileEncoding = 4; lastKnownFileType = sourcecode.c.objc; path = OBContentTest.m; sourceTree = "<group>"; };
		D849D10A1868BB4D00CB4B83 /* Outbrain_Private.h */ = {isa = PBXFileReference; fileEncoding = 4; lastKnownFileType = sourcecode.c.h; path = Outbrain_Private.h; sourceTree = "<group>"; };
		D849D1101868C96600CB4B83 /* OBResponseTest.m */ = {isa = PBXFileReference; fileEncoding = 4; lastKnownFileType = sourcecode.c.objc; path = OBResponseTest.m; sourceTree = "<group>"; };
		D852F37A187B4A59008A2A04 /* OBDefines.h */ = {isa = PBXFileReference; lastKnownFileType = sourcecode.c.h; path = OBDefines.h; sourceTree = "<group>"; };
		D852F37D187B4C00008A2A04 /* OBNetworkTest.h */ = {isa = PBXFileReference; lastKnownFileType = sourcecode.c.h; path = OBNetworkTest.h; sourceTree = "<group>"; };
		D85409BA1875D6320088DF2A /* OBNetworkTest.m */ = {isa = PBXFileReference; fileEncoding = 4; lastKnownFileType = sourcecode.c.objc; path = OBNetworkTest.m; sourceTree = "<group>"; };
		D85409BC1875D6490088DF2A /* OBCannedNetworkTest.m */ = {isa = PBXFileReference; fileEncoding = 4; lastKnownFileType = sourcecode.c.objc; path = OBCannedNetworkTest.m; sourceTree = "<group>"; };
		D896214F1887111200BA917D /* en */ = {isa = PBXFileReference; lastKnownFileType = text.plist.strings; name = en; path = en.lproj/InfoPlist.strings; sourceTree = "<group>"; };
		D89621501887111200BA917D /* Images.xcassets */ = {isa = PBXFileReference; lastKnownFileType = folder.assetcatalog; path = Images.xcassets; sourceTree = "<group>"; };
		D89621511887111200BA917D /* main.m */ = {isa = PBXFileReference; fileEncoding = 4; lastKnownFileType = sourcecode.c.objc; path = main.m; sourceTree = "<group>"; };
		D89621521887111200BA917D /* OBAppDelegate.h */ = {isa = PBXFileReference; fileEncoding = 4; lastKnownFileType = sourcecode.c.h; path = OBAppDelegate.h; sourceTree = "<group>"; };
		D89621531887111200BA917D /* OBAppDelegate.m */ = {isa = PBXFileReference; fileEncoding = 4; lastKnownFileType = sourcecode.c.objc; path = OBAppDelegate.m; sourceTree = "<group>"; };
		D89621541887111200BA917D /* OBIntegrationTests-Info.plist */ = {isa = PBXFileReference; fileEncoding = 4; lastKnownFileType = text.plist.xml; path = "OBIntegrationTests-Info.plist"; sourceTree = "<group>"; };
		D89621551887111200BA917D /* OBIntegrationTests-Prefix.pch */ = {isa = PBXFileReference; fileEncoding = 4; lastKnownFileType = sourcecode.c.h; path = "OBIntegrationTests-Prefix.pch"; sourceTree = "<group>"; };
		D89621561887111200BA917D /* OBReccomendationResponseListVC.h */ = {isa = PBXFileReference; fileEncoding = 4; lastKnownFileType = sourcecode.c.h; path = OBReccomendationResponseListVC.h; sourceTree = "<group>"; };
		D89621571887111200BA917D /* OBReccomendationResponseListVC.m */ = {isa = PBXFileReference; fileEncoding = 4; lastKnownFileType = sourcecode.c.objc; path = OBReccomendationResponseListVC.m; sourceTree = "<group>"; };
		D89621581887111200BA917D /* OBWebViewController.h */ = {isa = PBXFileReference; fileEncoding = 4; lastKnownFileType = sourcecode.c.h; path = OBWebViewController.h; sourceTree = "<group>"; };
		D89621591887111200BA917D /* OBWebViewController.m */ = {isa = PBXFileReference; fileEncoding = 4; lastKnownFileType = sourcecode.c.objc; path = OBWebViewController.m; sourceTree = "<group>"; };
		D896215A1887111200BA917D /* Settings.bundle */ = {isa = PBXFileReference; lastKnownFileType = "wrapper.plug-in"; path = Settings.bundle; sourceTree = "<group>"; };
		D8962163188711D200BA917D /* OBConfig.json */ = {isa = PBXFileReference; fileEncoding = 4; lastKnownFileType = text.json; path = OBConfig.json; sourceTree = "<group>"; };
		D8962164188711D200BA917D /* OBConfig.plist */ = {isa = PBXFileReference; fileEncoding = 4; lastKnownFileType = text.plist.xml; path = OBConfig.plist; sourceTree = "<group>"; };
		D8962C25186DEE5B009A37A4 /* OBAsyncTest.m */ = {isa = PBXFileReference; fileEncoding = 4; lastKnownFileType = sourcecode.c.objc; path = OBAsyncTest.m; sourceTree = "<group>"; };
		D8962C27186DEFD1009A37A4 /* OBAsyncTest.h */ = {isa = PBXFileReference; lastKnownFileType = sourcecode.c.h; path = OBAsyncTest.h; sourceTree = "<group>"; };
		D8BC5CCC187CB5590018E88F /* OBConfig.plist */ = {isa = PBXFileReference; fileEncoding = 4; lastKnownFileType = text.plist.xml; path = OBConfig.plist; sourceTree = "<group>"; };
		D8BC5CCE187CB5770018E88F /* OBConfig.json */ = {isa = PBXFileReference; fileEncoding = 4; lastKnownFileType = text.json; path = OBConfig.json; sourceTree = "<group>"; };
		D8C91A791871FEED005916A2 /* CoreGraphics.framework */ = {isa = PBXFileReference; lastKnownFileType = wrapper.framework; name = CoreGraphics.framework; path = System/Library/Frameworks/CoreGraphics.framework; sourceTree = SDKROOT; };
		D8C91AAF1871FF20005916A2 /* OBIntegrationTests.app */ = {isa = PBXFileReference; explicitFileType = wrapper.application; includeInIndex = 0; path = OBIntegrationTests.app; sourceTree = BUILT_PRODUCTS_DIR; };
		D8D1FD60187327CB0099831C /* Security.framework */ = {isa = PBXFileReference; lastKnownFileType = wrapper.framework; name = Security.framework; path = System/Library/Frameworks/Security.framework; sourceTree = SDKROOT; };
		D8D1FD62187327D20099831C /* QuartzCore.framework */ = {isa = PBXFileReference; lastKnownFileType = wrapper.framework; name = QuartzCore.framework; path = System/Library/Frameworks/QuartzCore.framework; sourceTree = SDKROOT; };
		E604CE711C427D9000D45C31 /* module.modulemap */ = {isa = PBXFileReference; lastKnownFileType = "sourcecode.module-map"; path = module.modulemap; sourceTree = "<group>"; };
		E607D4D61BDD16BE009A534B /* 0-recommendations.json */ = {isa = PBXFileReference; fileEncoding = 4; lastKnownFileType = text.json; name = "0-recommendations.json"; path = "sample responses/0-recommendations.json"; sourceTree = SOURCE_ROOT; };
		E607D4D71BDD16BE009A534B /* full response images.json */ = {isa = PBXFileReference; fileEncoding = 4; lastKnownFileType = text.json; name = "full response images.json"; path = "sample responses/full response images.json"; sourceTree = SOURCE_ROOT; };
		E607D4D81BDD16BE009A534B /* full response no images.json */ = {isa = PBXFileReference; fileEncoding = 4; lastKnownFileType = text.json; name = "full response no images.json"; path = "sample responses/full response no images.json"; sourceTree = SOURCE_ROOT; };
		E61C73791D2A47D300DA1CB0 /* OBBridge.h */ = {isa = PBXFileReference; fileEncoding = 4; lastKnownFileType = sourcecode.c.h; path = OBBridge.h; sourceTree = "<group>"; };
		E61C737A1D2A47D300DA1CB0 /* OBBridge.m */ = {isa = PBXFileReference; fileEncoding = 4; lastKnownFileType = sourcecode.c.objc; path = OBBridge.m; sourceTree = "<group>"; };
		E61C737E1D2A4AA300DA1CB0 /* CustomWebViewManager.h */ = {isa = PBXFileReference; fileEncoding = 4; lastKnownFileType = sourcecode.c.h; path = CustomWebViewManager.h; sourceTree = "<group>"; };
		E61C737F1D2A4AA300DA1CB0 /* CustomWebViewManager.m */ = {isa = PBXFileReference; fileEncoding = 4; lastKnownFileType = sourcecode.c.objc; path = CustomWebViewManager.m; sourceTree = "<group>"; };
		E61C73811D2A4AA300DA1CB0 /* LICENSE */ = {isa = PBXFileReference; fileEncoding = 4; lastKnownFileType = text; path = LICENSE; sourceTree = "<group>"; };
		E61C73821D2A4AA300DA1CB0 /* NJKWebViewProgress.h */ = {isa = PBXFileReference; fileEncoding = 4; lastKnownFileType = sourcecode.c.h; path = NJKWebViewProgress.h; sourceTree = "<group>"; };
		E61C73831D2A4AA300DA1CB0 /* NJKWebViewProgress.m */ = {isa = PBXFileReference; fileEncoding = 4; lastKnownFileType = sourcecode.c.objc; path = NJKWebViewProgress.m; sourceTree = "<group>"; };
		E61C73841D2A4AA300DA1CB0 /* OBWebView.h */ = {isa = PBXFileReference; fileEncoding = 4; lastKnownFileType = sourcecode.c.h; path = OBWebView.h; sourceTree = "<group>"; };
		E61C73851D2A4AA300DA1CB0 /* OBWebView.m */ = {isa = PBXFileReference; fileEncoding = 4; lastKnownFileType = sourcecode.c.objc; path = OBWebView.m; sourceTree = "<group>"; };
		E61C73861D2A4AA300DA1CB0 /* OBWKWebview.h */ = {isa = PBXFileReference; fileEncoding = 4; lastKnownFileType = sourcecode.c.h; path = OBWKWebview.h; sourceTree = "<group>"; };
		E61C73871D2A4AA300DA1CB0 /* OBWKWebview.m */ = {isa = PBXFileReference; fileEncoding = 4; lastKnownFileType = sourcecode.c.objc; path = OBWKWebview.m; sourceTree = "<group>"; };
		E61C73911D2A4B6100DA1CB0 /* OBLabel.h */ = {isa = PBXFileReference; fileEncoding = 4; lastKnownFileType = sourcecode.c.h; path = OBLabel.h; sourceTree = "<group>"; };
		E61C73921D2A4B6100DA1CB0 /* OBLabel.m */ = {isa = PBXFileReference; fileEncoding = 4; lastKnownFileType = sourcecode.c.objc; path = OBLabel.m; sourceTree = "<group>"; };
		E61C73931D2A4B6100DA1CB0 /* OBViewabilityService.h */ = {isa = PBXFileReference; fileEncoding = 4; lastKnownFileType = sourcecode.c.h; path = OBViewabilityService.h; sourceTree = "<group>"; };
		E61C73941D2A4B6100DA1CB0 /* OBViewabilityService.m */ = {isa = PBXFileReference; fileEncoding = 4; lastKnownFileType = sourcecode.c.objc; path = OBViewabilityService.m; sourceTree = "<group>"; };
		E61C73951D2A4B6100DA1CB0 /* UIView+Visible.h */ = {isa = PBXFileReference; fileEncoding = 4; lastKnownFileType = sourcecode.c.h; path = "UIView+Visible.h"; sourceTree = "<group>"; };
		E61C73961D2A4B6100DA1CB0 /* UIView+Visible.m */ = {isa = PBXFileReference; fileEncoding = 4; lastKnownFileType = sourcecode.c.objc; path = "UIView+Visible.m"; sourceTree = "<group>"; };
		E61C739F1D2A4C9300DA1CB0 /* OBContent.h */ = {isa = PBXFileReference; fileEncoding = 4; lastKnownFileType = sourcecode.c.h; path = OBContent.h; sourceTree = "<group>"; };
		E61C73A01D2A4C9300DA1CB0 /* OBContent.m */ = {isa = PBXFileReference; fileEncoding = 4; lastKnownFileType = sourcecode.c.objc; path = OBContent.m; sourceTree = "<group>"; };
		E61C73A11D2A4C9300DA1CB0 /* OBContent_Private.h */ = {isa = PBXFileReference; fileEncoding = 4; lastKnownFileType = sourcecode.c.h; path = OBContent_Private.h; sourceTree = "<group>"; };
		E61C73A21D2A4C9300DA1CB0 /* OBImage.h */ = {isa = PBXFileReference; fileEncoding = 4; lastKnownFileType = sourcecode.c.h; path = OBImage.h; sourceTree = "<group>"; };
		E61C73A31D2A4C9300DA1CB0 /* OBImage.m */ = {isa = PBXFileReference; fileEncoding = 4; lastKnownFileType = sourcecode.c.objc; path = OBImage.m; sourceTree = "<group>"; };
		E61C73A41D2A4C9300DA1CB0 /* OBRecommendation.h */ = {isa = PBXFileReference; fileEncoding = 4; lastKnownFileType = sourcecode.c.h; path = OBRecommendation.h; sourceTree = "<group>"; };
		E61C73A51D2A4C9300DA1CB0 /* OBRecommendation.m */ = {isa = PBXFileReference; fileEncoding = 4; lastKnownFileType = sourcecode.c.objc; path = OBRecommendation.m; sourceTree = "<group>"; };
		E61C73A71D2A4C9300DA1CB0 /* OBRequest.h */ = {isa = PBXFileReference; fileEncoding = 4; lastKnownFileType = sourcecode.c.h; path = OBRequest.h; sourceTree = "<group>"; };
		E61C73A81D2A4C9300DA1CB0 /* OBRequest.m */ = {isa = PBXFileReference; fileEncoding = 4; lastKnownFileType = sourcecode.c.objc; path = OBRequest.m; sourceTree = "<group>"; };
		E61C73AA1D2A4C9300DA1CB0 /* OBRecommendationResponse.h */ = {isa = PBXFileReference; fileEncoding = 4; lastKnownFileType = sourcecode.c.h; path = OBRecommendationResponse.h; sourceTree = "<group>"; };
		E61C73AB1D2A4C9300DA1CB0 /* OBRecommendationResponse.m */ = {isa = PBXFileReference; fileEncoding = 4; lastKnownFileType = sourcecode.c.objc; path = OBRecommendationResponse.m; sourceTree = "<group>"; };
		E61C73AC1D2A4C9300DA1CB0 /* OBResponse.h */ = {isa = PBXFileReference; fileEncoding = 4; lastKnownFileType = sourcecode.c.h; path = OBResponse.h; sourceTree = "<group>"; };
		E61C73AD1D2A4C9300DA1CB0 /* OBResponse.m */ = {isa = PBXFileReference; fileEncoding = 4; lastKnownFileType = sourcecode.c.objc; path = OBResponse.m; sourceTree = "<group>"; };
		E61C73AE1D2A4C9300DA1CB0 /* OBResponseRequest.h */ = {isa = PBXFileReference; fileEncoding = 4; lastKnownFileType = sourcecode.c.h; path = OBResponseRequest.h; sourceTree = "<group>"; };
		E61C73AF1D2A4C9300DA1CB0 /* OBResponseRequest.m */ = {isa = PBXFileReference; fileEncoding = 4; lastKnownFileType = sourcecode.c.objc; path = OBResponseRequest.m; sourceTree = "<group>"; };
		E61C73B01D2A4C9300DA1CB0 /* OBSettings.h */ = {isa = PBXFileReference; fileEncoding = 4; lastKnownFileType = sourcecode.c.h; path = OBSettings.h; sourceTree = "<group>"; };
		E61C73B11D2A4C9300DA1CB0 /* OBSettings.m */ = {isa = PBXFileReference; fileEncoding = 4; lastKnownFileType = sourcecode.c.objc; path = OBSettings.m; sourceTree = "<group>"; };
		E61C73C41D2A4D4100DA1CB0 /* OBClickRegistrationOperation.h */ = {isa = PBXFileReference; fileEncoding = 4; lastKnownFileType = sourcecode.c.h; path = OBClickRegistrationOperation.h; sourceTree = "<group>"; };
		E61C73C51D2A4D4100DA1CB0 /* OBClickRegistrationOperation.m */ = {isa = PBXFileReference; fileEncoding = 4; lastKnownFileType = sourcecode.c.objc; path = OBClickRegistrationOperation.m; sourceTree = "<group>"; };
		E61C73C61D2A4D4100DA1CB0 /* OBOperation.h */ = {isa = PBXFileReference; fileEncoding = 4; lastKnownFileType = sourcecode.c.h; path = OBOperation.h; sourceTree = "<group>"; };
		E61C73C71D2A4D4100DA1CB0 /* OBOperation.m */ = {isa = PBXFileReference; fileEncoding = 4; lastKnownFileType = sourcecode.c.objc; path = OBOperation.m; sourceTree = "<group>"; };
		E61C73C81D2A4D4100DA1CB0 /* OBPostOperation.h */ = {isa = PBXFileReference; fileEncoding = 4; lastKnownFileType = sourcecode.c.h; path = OBPostOperation.h; sourceTree = "<group>"; };
		E61C73C91D2A4D4100DA1CB0 /* OBPostOperation.m */ = {isa = PBXFileReference; fileEncoding = 4; lastKnownFileType = sourcecode.c.objc; path = OBPostOperation.m; sourceTree = "<group>"; };
		E61C73CA1D2A4D4100DA1CB0 /* OBRecommendationRequestOperation.h */ = {isa = PBXFileReference; fileEncoding = 4; lastKnownFileType = sourcecode.c.h; path = OBRecommendationRequestOperation.h; sourceTree = "<group>"; };
		E61C73CB1D2A4D4100DA1CB0 /* OBRecommendationRequestOperation.m */ = {isa = PBXFileReference; fileEncoding = 4; lastKnownFileType = sourcecode.c.objc; path = OBRecommendationRequestOperation.m; sourceTree = "<group>"; };
		E61C73CC1D2A4D4100DA1CB0 /* OBViewabilityOperation.h */ = {isa = PBXFileReference; fileEncoding = 4; lastKnownFileType = sourcecode.c.h; path = OBViewabilityOperation.h; sourceTree = "<group>"; };
		E61C73CD1D2A4D4100DA1CB0 /* OBViewabilityOperation.m */ = {isa = PBXFileReference; fileEncoding = 4; lastKnownFileType = sourcecode.c.objc; path = OBViewabilityOperation.m; sourceTree = "<group>"; };
		E61C73CF1D2A4D4100DA1CB0 /* LICENSE.txt */ = {isa = PBXFileReference; fileEncoding = 4; lastKnownFileType = text; path = LICENSE.txt; sourceTree = "<group>"; };
		E61C73D01D2A4D4100DA1CB0 /* OBReachability.h */ = {isa = PBXFileReference; fileEncoding = 4; lastKnownFileType = sourcecode.c.h; path = OBReachability.h; sourceTree = "<group>"; };
		E61C73D11D2A4D4100DA1CB0 /* OBReachability.m */ = {isa = PBXFileReference; fileEncoding = 4; lastKnownFileType = sourcecode.c.objc; path = OBReachability.m; sourceTree = "<group>"; };
		E61C73DF1D2A4DB800DA1CB0 /* OBAppleAdIdUtil.h */ = {isa = PBXFileReference; fileEncoding = 4; lastKnownFileType = sourcecode.c.h; path = OBAppleAdIdUtil.h; sourceTree = "<group>"; };
		E61C73E01D2A4DB800DA1CB0 /* OBAppleAdIdUtil.m */ = {isa = PBXFileReference; fileEncoding = 4; lastKnownFileType = sourcecode.c.objc; path = OBAppleAdIdUtil.m; sourceTree = "<group>"; };
		E61C73E21D2A4DB800DA1CB0 /* OBErrors.h */ = {isa = PBXFileReference; fileEncoding = 4; lastKnownFileType = sourcecode.c.h; path = OBErrors.h; sourceTree = "<group>"; };
		E61C73E31D2A4DB800DA1CB0 /* OBErrors.m */ = {isa = PBXFileReference; fileEncoding = 4; lastKnownFileType = sourcecode.c.objc; path = OBErrors.m; sourceTree = "<group>"; };
		E61C73E51D2A4DB800DA1CB0 /* OBRecommendationsTokenHandler.h */ = {isa = PBXFileReference; fileEncoding = 4; lastKnownFileType = sourcecode.c.h; path = OBRecommendationsTokenHandler.h; sourceTree = "<group>"; };
		E61C73E61D2A4DB800DA1CB0 /* OBRecommendationsTokenHandler.m */ = {isa = PBXFileReference; fileEncoding = 4; lastKnownFileType = sourcecode.c.objc; path = OBRecommendationsTokenHandler.m; sourceTree = "<group>"; };
		E61C73E81D2A4DB800DA1CB0 /* OBProtocols.h */ = {isa = PBXFileReference; fileEncoding = 4; lastKnownFileType = sourcecode.c.h; path = OBProtocols.h; sourceTree = "<group>"; };
		E6E91F781D2D08E300A777F3 /* OutbrainHelper.h */ = {isa = PBXFileReference; fileEncoding = 4; lastKnownFileType = sourcecode.c.h; path = OutbrainHelper.h; sourceTree = "<group>"; };
		E6E91F791D2D08E300A777F3 /* OutbrainHelper.m */ = {isa = PBXFileReference; fileEncoding = 4; lastKnownFileType = sourcecode.c.objc; path = OutbrainHelper.m; sourceTree = "<group>"; };
		FC820C0F19DAF0A800ABAD89 /* AdSupport.framework */ = {isa = PBXFileReference; lastKnownFileType = wrapper.framework; name = AdSupport.framework; path = System/Library/Frameworks/AdSupport.framework; sourceTree = SDKROOT; };
/* End PBXFileReference section */

/* Begin PBXFrameworksBuildPhase section */
		D82F1D7218564C7700D4DEA8 /* Frameworks */ = {
			isa = PBXFrameworksBuildPhase;
			buildActionMask = 2147483647;
			files = (
				FC820C1019DAF0A800ABAD89 /* AdSupport.framework in Frameworks */,
				D82F1D7918564C7700D4DEA8 /* Foundation.framework in Frameworks */,
			);
			runOnlyForDeploymentPostprocessing = 0;
		};
		D82F1D8218564C7800D4DEA8 /* Frameworks */ = {
			isa = PBXFrameworksBuildPhase;
			buildActionMask = 2147483647;
			files = (
				D8299EA018B28BB200196107 /* CoreGraphics.framework in Frameworks */,
				D87E89A9187CBD82005572D0 /* libOutbrainSDK.a in Frameworks */,
				D82F1D8818564C7800D4DEA8 /* Foundation.framework in Frameworks */,
			);
			runOnlyForDeploymentPostprocessing = 0;
		};
		D8C91AAC1871FF20005916A2 /* Frameworks */ = {
			isa = PBXFrameworksBuildPhase;
			buildActionMask = 2147483647;
			files = (
				FC6068661A7E85E0008B5C6E /* AdSupport.framework in Frameworks */,
				D8D1FD63187327D20099831C /* QuartzCore.framework in Frameworks */,
				D8D1FD61187327CB0099831C /* Security.framework in Frameworks */,
				D8C91AE518720DCA005916A2 /* libOutbrainSDK.a in Frameworks */,
				D8C91AB11871FF20005916A2 /* CoreGraphics.framework in Frameworks */,
				D8C91AB01871FF20005916A2 /* Foundation.framework in Frameworks */,
			);
			runOnlyForDeploymentPostprocessing = 0;
		};
/* End PBXFrameworksBuildPhase section */

/* Begin PBXGroup section */
		D8299EA118B28E1800196107 /* ILProtocol */ = {
			isa = PBXGroup;
			children = (
				D8299EA218B28E1800196107 /* ILCannedURLProtocol.h */,
				D8299EA318B28E1800196107 /* ILCannedURLProtocol.m */,
			);
			path = ILProtocol;
			sourceTree = "<group>";
		};
		D82F1D6C18564C7700D4DEA8 = {
			isa = PBXGroup;
			children = (
				D896214D1887111200BA917D /* OBIntegrationTests */,
				D82F1D7A18564C7700D4DEA8 /* OutbrainSDK */,
				D82F1D8E18564C7800D4DEA8 /* OutbrainSDKTests */,
				D82F1D7718564C7700D4DEA8 /* Frameworks */,
				D82F1D7618564C7700D4DEA8 /* Products */,
			);
			sourceTree = "<group>";
		};
		D82F1D7618564C7700D4DEA8 /* Products */ = {
			isa = PBXGroup;
			children = (
				D82F1D7518564C7700D4DEA8 /* libOutbrainSDK.a */,
				D82F1D8518564C7800D4DEA8 /* OutbrainSDKTests.xctest */,
				D8C91AAF1871FF20005916A2 /* OBIntegrationTests.app */,
			);
			name = Products;
			sourceTree = "<group>";
		};
		D82F1D7718564C7700D4DEA8 /* Frameworks */ = {
			isa = PBXGroup;
			children = (
				FC820C0F19DAF0A800ABAD89 /* AdSupport.framework */,
				D8D1FD62187327D20099831C /* QuartzCore.framework */,
				D8D1FD60187327CB0099831C /* Security.framework */,
				D82F1D7818564C7700D4DEA8 /* Foundation.framework */,
				D8C91A791871FEED005916A2 /* CoreGraphics.framework */,
			);
			name = Frameworks;
			sourceTree = "<group>";
		};
		D82F1D7A18564C7700D4DEA8 /* OutbrainSDK */ = {
			isa = PBXGroup;
			children = (
				E61C73DE1D2A4DB800DA1CB0 /* AdIds */,
				E61C73E11D2A4DB800DA1CB0 /* Errors */,
				E61C73E41D2A4DB800DA1CB0 /* Helpers */,
				E61C73E71D2A4DB800DA1CB0 /* Protocols */,
				E61C73C31D2A4D4100DA1CB0 /* Network */,
				E61C739D1D2A4C9300DA1CB0 /* Models */,
				E61C73901D2A4B6100DA1CB0 /* Viewability */,
				E61C737D1D2A4AA300DA1CB0 /* Custom-Classes */,
				D82F1D7D18564C7700D4DEA8 /* Outbrain.h */,
				D82F1D7F18564C7700D4DEA8 /* Outbrain.m */,
				E61C73791D2A47D300DA1CB0 /* OBBridge.h */,
				E61C737A1D2A47D300DA1CB0 /* OBBridge.m */,
				D849D10A1868BB4D00CB4B83 /* Outbrain_Private.h */,
				D82F1D7B18564C7700D4DEA8 /* Supporting Files */,
				D8376BE6186E276500B45FA3 /* OutbrainSDK.h */,
			);
			path = OutbrainSDK;
			sourceTree = "<group>";
		};
		D82F1D7B18564C7700D4DEA8 /* Supporting Files */ = {
			isa = PBXGroup;
			children = (
				E604CE711C427D9000D45C31 /* module.modulemap */,
				D82F1D7C18564C7700D4DEA8 /* OutbrainSDK-Prefix.pch */,
			);
			name = "Supporting Files";
			sourceTree = "<group>";
		};
		D82F1D8E18564C7800D4DEA8 /* OutbrainSDKTests */ = {
			isa = PBXGroup;
			children = (
				D852F37E187B4C85008A2A04 /* Data Tests */,
				D852F37C187B4B37008A2A04 /* Async Tests */,
				D852F37B187B4B20008A2A04 /* Network Tests */,
				D89DFDEF186503E200B8A95C /* responses */,
				D82F1D9418564C7800D4DEA8 /* OutbrainSDKTests.m */,
				D82F1D8F18564C7800D4DEA8 /* Supporting Files */,
				D852F37A187B4A59008A2A04 /* OBDefines.h */,
			);
			path = OutbrainSDKTests;
			sourceTree = "<group>";
		};
		D82F1D8F18564C7800D4DEA8 /* Supporting Files */ = {
			isa = PBXGroup;
			children = (
				D82F1D9018564C7800D4DEA8 /* OutbrainSDKTests-Info.plist */,
				D82F1D9118564C7800D4DEA8 /* InfoPlist.strings */,
				D8BC5CCC187CB5590018E88F /* OBConfig.plist */,
				D8BC5CCE187CB5770018E88F /* OBConfig.json */,
			);
			name = "Supporting Files";
			sourceTree = "<group>";
		};
		D852F37B187B4B20008A2A04 /* Network Tests */ = {
			isa = PBXGroup;
			children = (
				D8299EA118B28E1800196107 /* ILProtocol */,
				D852F37D187B4C00008A2A04 /* OBNetworkTest.h */,
				D85409BA1875D6320088DF2A /* OBNetworkTest.m */,
				D85409BC1875D6490088DF2A /* OBCannedNetworkTest.m */,
			);
			name = "Network Tests";
			sourceTree = "<group>";
		};
		D852F37C187B4B37008A2A04 /* Async Tests */ = {
			isa = PBXGroup;
			children = (
				D8962C27186DEFD1009A37A4 /* OBAsyncTest.h */,
				D8962C25186DEE5B009A37A4 /* OBAsyncTest.m */,
			);
			name = "Async Tests";
			sourceTree = "<group>";
		};
		D852F37E187B4C85008A2A04 /* Data Tests */ = {
			isa = PBXGroup;
			children = (
				D849D1081868B67300CB4B83 /* OBContentTest.m */,
				D849D1101868C96600CB4B83 /* OBResponseTest.m */,
				D800EBEA18A2E64A00404AD9 /* OBRequestTest.m */,
			);
			name = "Data Tests";
			sourceTree = "<group>";
		};
		D896214D1887111200BA917D /* OBIntegrationTests */ = {
			isa = PBXGroup;
			children = (
				D8962163188711D200BA917D /* OBConfig.json */,
				D8962164188711D200BA917D /* OBConfig.plist */,
				D896214E1887111200BA917D /* InfoPlist.strings */,
				D89621501887111200BA917D /* Images.xcassets */,
				D89621511887111200BA917D /* main.m */,
				D89621521887111200BA917D /* OBAppDelegate.h */,
				D89621531887111200BA917D /* OBAppDelegate.m */,
				D89621541887111200BA917D /* OBIntegrationTests-Info.plist */,
				D89621551887111200BA917D /* OBIntegrationTests-Prefix.pch */,
				D89621561887111200BA917D /* OBReccomendationResponseListVC.h */,
				D89621571887111200BA917D /* OBReccomendationResponseListVC.m */,
				D89621581887111200BA917D /* OBWebViewController.h */,
				D89621591887111200BA917D /* OBWebViewController.m */,
				D896215A1887111200BA917D /* Settings.bundle */,
			);
			path = OBIntegrationTests;
			sourceTree = "<group>";
		};
		D89DFDEF186503E200B8A95C /* responses */ = {
			isa = PBXGroup;
			children = (
				E607D4D61BDD16BE009A534B /* 0-recommendations.json */,
				E607D4D71BDD16BE009A534B /* full response images.json */,
				E607D4D81BDD16BE009A534B /* full response no images.json */,
			);
			name = responses;
			sourceTree = "<group>";
		};
		E61C737D1D2A4AA300DA1CB0 /* Custom-Classes */ = {
			isa = PBXGroup;
			children = (
				E61C737E1D2A4AA300DA1CB0 /* CustomWebViewManager.h */,
				E61C737F1D2A4AA300DA1CB0 /* CustomWebViewManager.m */,
				E61C73801D2A4AA300DA1CB0 /* NJKWebViewProgress */,
				E61C73841D2A4AA300DA1CB0 /* OBWebView.h */,
				E61C73851D2A4AA300DA1CB0 /* OBWebView.m */,
				E61C73861D2A4AA300DA1CB0 /* OBWKWebview.h */,
				E61C73871D2A4AA300DA1CB0 /* OBWKWebview.m */,
			);
			path = "Custom-Classes";
			sourceTree = "<group>";
		};
		E61C73801D2A4AA300DA1CB0 /* NJKWebViewProgress */ = {
			isa = PBXGroup;
			children = (
				E61C73811D2A4AA300DA1CB0 /* LICENSE */,
				E61C73821D2A4AA300DA1CB0 /* NJKWebViewProgress.h */,
				E61C73831D2A4AA300DA1CB0 /* NJKWebViewProgress.m */,
			);
			path = NJKWebViewProgress;
			sourceTree = "<group>";
		};
		E61C73901D2A4B6100DA1CB0 /* Viewability */ = {
			isa = PBXGroup;
			children = (
				E61C73911D2A4B6100DA1CB0 /* OBLabel.h */,
				E61C73921D2A4B6100DA1CB0 /* OBLabel.m */,
				E61C73931D2A4B6100DA1CB0 /* OBViewabilityService.h */,
				E61C73941D2A4B6100DA1CB0 /* OBViewabilityService.m */,
				E61C73951D2A4B6100DA1CB0 /* UIView+Visible.h */,
				E61C73961D2A4B6100DA1CB0 /* UIView+Visible.m */,
			);
			path = Viewability;
			sourceTree = "<group>";
		};
		E61C739D1D2A4C9300DA1CB0 /* Models */ = {
			isa = PBXGroup;
			children = (
				E61C739E1D2A4C9300DA1CB0 /* Content */,
				E61C73A61D2A4C9300DA1CB0 /* Requests */,
				E61C73A91D2A4C9300DA1CB0 /* Responses */,
			);
			path = Models;
			sourceTree = "<group>";
		};
		E61C739E1D2A4C9300DA1CB0 /* Content */ = {
			isa = PBXGroup;
			children = (
				E61C739F1D2A4C9300DA1CB0 /* OBContent.h */,
				E61C73A01D2A4C9300DA1CB0 /* OBContent.m */,
				E61C73A11D2A4C9300DA1CB0 /* OBContent_Private.h */,
				E61C73A21D2A4C9300DA1CB0 /* OBImage.h */,
				E61C73A31D2A4C9300DA1CB0 /* OBImage.m */,
				E61C73A41D2A4C9300DA1CB0 /* OBRecommendation.h */,
				E61C73A51D2A4C9300DA1CB0 /* OBRecommendation.m */,
			);
			path = Content;
			sourceTree = "<group>";
		};
		E61C73A61D2A4C9300DA1CB0 /* Requests */ = {
			isa = PBXGroup;
			children = (
				E61C73A71D2A4C9300DA1CB0 /* OBRequest.h */,
				E61C73A81D2A4C9300DA1CB0 /* OBRequest.m */,
			);
			path = Requests;
			sourceTree = "<group>";
		};
		E61C73A91D2A4C9300DA1CB0 /* Responses */ = {
			isa = PBXGroup;
			children = (
				E61C73AA1D2A4C9300DA1CB0 /* OBRecommendationResponse.h */,
				E61C73AB1D2A4C9300DA1CB0 /* OBRecommendationResponse.m */,
				E61C73AC1D2A4C9300DA1CB0 /* OBResponse.h */,
				E61C73AD1D2A4C9300DA1CB0 /* OBResponse.m */,
				E61C73AE1D2A4C9300DA1CB0 /* OBResponseRequest.h */,
				E61C73AF1D2A4C9300DA1CB0 /* OBResponseRequest.m */,
				E61C73B01D2A4C9300DA1CB0 /* OBSettings.h */,
				E61C73B11D2A4C9300DA1CB0 /* OBSettings.m */,
			);
			path = Responses;
			sourceTree = "<group>";
		};
		E61C73C31D2A4D4100DA1CB0 /* Network */ = {
			isa = PBXGroup;
			children = (
				E61C73C41D2A4D4100DA1CB0 /* OBClickRegistrationOperation.h */,
				E61C73C51D2A4D4100DA1CB0 /* OBClickRegistrationOperation.m */,
				E61C73C61D2A4D4100DA1CB0 /* OBOperation.h */,
				E61C73C71D2A4D4100DA1CB0 /* OBOperation.m */,
				E61C73C81D2A4D4100DA1CB0 /* OBPostOperation.h */,
				E61C73C91D2A4D4100DA1CB0 /* OBPostOperation.m */,
				E61C73CA1D2A4D4100DA1CB0 /* OBRecommendationRequestOperation.h */,
				E61C73CB1D2A4D4100DA1CB0 /* OBRecommendationRequestOperation.m */,
				E61C73CC1D2A4D4100DA1CB0 /* OBViewabilityOperation.h */,
				E61C73CD1D2A4D4100DA1CB0 /* OBViewabilityOperation.m */,
				E61C73CE1D2A4D4100DA1CB0 /* Reachability */,
			);
			path = Network;
			sourceTree = "<group>";
		};
		E61C73CE1D2A4D4100DA1CB0 /* Reachability */ = {
			isa = PBXGroup;
			children = (
				E61C73CF1D2A4D4100DA1CB0 /* LICENSE.txt */,
				E61C73D01D2A4D4100DA1CB0 /* OBReachability.h */,
				E61C73D11D2A4D4100DA1CB0 /* OBReachability.m */,
			);
			path = Reachability;
			sourceTree = "<group>";
		};
		E61C73DE1D2A4DB800DA1CB0 /* AdIds */ = {
			isa = PBXGroup;
			children = (
				E61C73DF1D2A4DB800DA1CB0 /* OBAppleAdIdUtil.h */,
				E61C73E01D2A4DB800DA1CB0 /* OBAppleAdIdUtil.m */,
			);
			path = AdIds;
			sourceTree = "<group>";
		};
		E61C73E11D2A4DB800DA1CB0 /* Errors */ = {
			isa = PBXGroup;
			children = (
				E61C73E21D2A4DB800DA1CB0 /* OBErrors.h */,
				E61C73E31D2A4DB800DA1CB0 /* OBErrors.m */,
			);
			path = Errors;
			sourceTree = "<group>";
		};
		E61C73E41D2A4DB800DA1CB0 /* Helpers */ = {
			isa = PBXGroup;
			children = (
				E61C73E51D2A4DB800DA1CB0 /* OBRecommendationsTokenHandler.h */,
				E61C73E61D2A4DB800DA1CB0 /* OBRecommendationsTokenHandler.m */,
				E6E91F781D2D08E300A777F3 /* OutbrainHelper.h */,
				E6E91F791D2D08E300A777F3 /* OutbrainHelper.m */,
			);
			path = Helpers;
			sourceTree = "<group>";
		};
		E61C73E71D2A4DB800DA1CB0 /* Protocols */ = {
			isa = PBXGroup;
			children = (
				E61C73E81D2A4DB800DA1CB0 /* OBProtocols.h */,
			);
			path = Protocols;
			sourceTree = "<group>";
		};
/* End PBXGroup section */

/* Begin PBXHeadersBuildPhase section */
		D8EE587C185A1A74008F36C4 /* Headers */ = {
			isa = PBXHeadersBuildPhase;
			buildActionMask = 2147483647;
			files = (
				E61C73D81D2A4D4100DA1CB0 /* OBRecommendationRequestOperation.h in Headers */,
				E61C738C1D2A4AA300DA1CB0 /* OBWebView.h in Headers */,
				E61C73DC1D2A4D4100DA1CB0 /* OBReachability.h in Headers */,
				E61C73BD1D2A4C9300DA1CB0 /* OBResponse.h in Headers */,
				E61C73B71D2A4C9300DA1CB0 /* OBRecommendation.h in Headers */,
				E61C73EB1D2A4DB800DA1CB0 /* OBErrors.h in Headers */,
				E61C73B91D2A4C9300DA1CB0 /* OBRequest.h in Headers */,
				E61C73B51D2A4C9300DA1CB0 /* OBImage.h in Headers */,
				E61C73B21D2A4C9300DA1CB0 /* OBContent.h in Headers */,
				E61C73EF1D2A4DB800DA1CB0 /* OBProtocols.h in Headers */,
				E61C73971D2A4B6100DA1CB0 /* OBLabel.h in Headers */,
				E61C738E1D2A4AA300DA1CB0 /* OBWKWebview.h in Headers */,
				E61C73BF1D2A4C9300DA1CB0 /* OBResponseRequest.h in Headers */,
				E61C73BB1D2A4C9300DA1CB0 /* OBRecommendationResponse.h in Headers */,
				E61C73C11D2A4C9300DA1CB0 /* OBSettings.h in Headers */,
				D8376BE7186E276500B45FA3 /* OutbrainSDK.h in Headers */,
				E61C73881D2A4AA300DA1CB0 /* CustomWebViewManager.h in Headers */,
				E6E91F7A1D2D08E300A777F3 /* OutbrainHelper.h in Headers */,
				D8EE587D185A1A85008F36C4 /* Outbrain.h in Headers */,
				D849D10B1868BB4D00CB4B83 /* Outbrain_Private.h in Headers */,
				E61C737B1D2A47D300DA1CB0 /* OBBridge.h in Headers */,
				E61C73D61D2A4D4100DA1CB0 /* OBPostOperation.h in Headers */,
				E61C73991D2A4B6100DA1CB0 /* OBViewabilityService.h in Headers */,
				E61C73B41D2A4C9300DA1CB0 /* OBContent_Private.h in Headers */,
				E61C73ED1D2A4DB800DA1CB0 /* OBRecommendationsTokenHandler.h in Headers */,
				E61C73DA1D2A4D4100DA1CB0 /* OBViewabilityOperation.h in Headers */,
				E61C739B1D2A4B6100DA1CB0 /* UIView+Visible.h in Headers */,
				E61C738A1D2A4AA300DA1CB0 /* NJKWebViewProgress.h in Headers */,
				E61C73D21D2A4D4100DA1CB0 /* OBClickRegistrationOperation.h in Headers */,
				E61C73E91D2A4DB800DA1CB0 /* OBAppleAdIdUtil.h in Headers */,
				E61C73D41D2A4D4100DA1CB0 /* OBOperation.h in Headers */,
			);
			runOnlyForDeploymentPostprocessing = 0;
		};
/* End PBXHeadersBuildPhase section */

/* Begin PBXNativeTarget section */
		D82F1D7418564C7700D4DEA8 /* OutbrainSDK */ = {
			isa = PBXNativeTarget;
			buildConfigurationList = D82F1D9818564C7800D4DEA8 /* Build configuration list for PBXNativeTarget "OutbrainSDK" */;
			buildPhases = (
				D82F1D7118564C7700D4DEA8 /* Sources */,
				D82F1D7218564C7700D4DEA8 /* Frameworks */,
				D8EE587C185A1A74008F36C4 /* Headers */,
				D8376BE8186E291100B45FA3 /* ShellScript */,
				E604CE721C427DBC00D45C31 /* CopyFiles */,
			);
			buildRules = (
			);
			dependencies = (
			);
			name = OutbrainSDK;
			productName = OutbrainSDK;
			productReference = D82F1D7518564C7700D4DEA8 /* libOutbrainSDK.a */;
			productType = "com.apple.product-type.library.static";
		};
		D82F1D8418564C7800D4DEA8 /* OutbrainSDKTests */ = {
			isa = PBXNativeTarget;
			buildConfigurationList = D82F1D9B18564C7800D4DEA8 /* Build configuration list for PBXNativeTarget "OutbrainSDKTests" */;
			buildPhases = (
				D82F1D8118564C7800D4DEA8 /* Sources */,
				D82F1D8218564C7800D4DEA8 /* Frameworks */,
				D82F1D8318564C7800D4DEA8 /* Resources */,
			);
			buildRules = (
			);
			dependencies = (
				D896217E18871CCD00BA917D /* PBXTargetDependency */,
			);
			name = OutbrainSDKTests;
			productName = OutbrainSDKTests;
			productReference = D82F1D8518564C7800D4DEA8 /* OutbrainSDKTests.xctest */;
			productType = "com.apple.product-type.bundle.unit-test";
		};
		D8C91AAE1871FF20005916A2 /* OBIntegrationTests */ = {
			isa = PBXNativeTarget;
			buildConfigurationList = D8C91AD31871FF21005916A2 /* Build configuration list for PBXNativeTarget "OBIntegrationTests" */;
			buildPhases = (
				D8C91AAB1871FF20005916A2 /* Sources */,
				D8C91AAC1871FF20005916A2 /* Frameworks */,
				D8C91AAD1871FF20005916A2 /* Resources */,
			);
			buildRules = (
			);
			dependencies = (
			);
			name = OBIntegrationTests;
			productName = "OB SDK Tests";
			productReference = D8C91AAF1871FF20005916A2 /* OBIntegrationTests.app */;
			productType = "com.apple.product-type.application";
		};
/* End PBXNativeTarget section */

/* Begin PBXProject section */
		D82F1D6D18564C7700D4DEA8 /* Project object */ = {
			isa = PBXProject;
			attributes = {
				CLASSPREFIX = OB;
				LastTestingUpgradeCheck = 0610;
				LastUpgradeCheck = 0700;
				ORGANIZATIONNAME = Outbrain;
				TargetAttributes = {
					D82F1D8418564C7800D4DEA8 = {
						TestTargetID = D8C91AAE1871FF20005916A2;
					};
				};
			};
			buildConfigurationList = D82F1D7018564C7700D4DEA8 /* Build configuration list for PBXProject "OutbrainSDK" */;
			compatibilityVersion = "Xcode 3.2";
			developmentRegion = English;
			hasScannedForEncodings = 0;
			knownRegions = (
				en,
				Base,
			);
			mainGroup = D82F1D6C18564C7700D4DEA8;
			productRefGroup = D82F1D7618564C7700D4DEA8 /* Products */;
			projectDirPath = "";
			projectRoot = "";
			targets = (
				D8C91AAE1871FF20005916A2 /* OBIntegrationTests */,
				D82F1D7418564C7700D4DEA8 /* OutbrainSDK */,
				D82F1D8418564C7800D4DEA8 /* OutbrainSDKTests */,
				D8376BE9186E2F6D00B45FA3 /* OBFramework */,
			);
		};
/* End PBXProject section */

/* Begin PBXResourcesBuildPhase section */
		D82F1D8318564C7800D4DEA8 /* Resources */ = {
			isa = PBXResourcesBuildPhase;
			buildActionMask = 2147483647;
			files = (
				E607D4DB1BDD16BE009A534B /* full response no images.json in Resources */,
				D82F1D9318564C7800D4DEA8 /* InfoPlist.strings in Resources */,
				E607D4DA1BDD16BE009A534B /* full response images.json in Resources */,
				E607D4D91BDD16BE009A534B /* 0-recommendations.json in Resources */,
				D8BC5CCF187CB5770018E88F /* OBConfig.json in Resources */,
				D8BC5CCD187CB5590018E88F /* OBConfig.plist in Resources */,
			);
			runOnlyForDeploymentPostprocessing = 0;
		};
		D8C91AAD1871FF20005916A2 /* Resources */ = {
			isa = PBXResourcesBuildPhase;
			buildActionMask = 2147483647;
			files = (
				D8962165188711D200BA917D /* OBConfig.json in Resources */,
				D8962166188711D200BA917D /* OBConfig.plist in Resources */,
				D89621621887111200BA917D /* Settings.bundle in Resources */,
				D896215B1887111200BA917D /* InfoPlist.strings in Resources */,
				D896215C1887111200BA917D /* Images.xcassets in Resources */,
			);
			runOnlyForDeploymentPostprocessing = 0;
		};
/* End PBXResourcesBuildPhase section */

/* Begin PBXShellScriptBuildPhase section */
		D8376BE8186E291100B45FA3 /* ShellScript */ = {
			isa = PBXShellScriptBuildPhase;
			buildActionMask = 2147483647;
			files = (
			);
			inputPaths = (
			);
			outputPaths = (
			);
			runOnlyForDeploymentPostprocessing = 0;
			shellPath = /bin/sh;
			shellScript = "set -e\n\nmkdir -p \"${BUILT_PRODUCTS_DIR}/${PRODUCT_NAME}.framework/Versions/A/Headers\"\n\nmkdir -p \"${BUILT_PRODUCTS_DIR}/${PRODUCT_NAME}.framework/Modules\"\n\n# Link the \"Current\" version to \"A\"\n/bin/ln -sfh A \"${BUILT_PRODUCTS_DIR}/${PRODUCT_NAME}.framework/Versions/Current\"\n/bin/ln -sfh Versions/Current/Headers \"${BUILT_PRODUCTS_DIR}/${PRODUCT_NAME}.framework/Headers\"\n/bin/ln -sfh \"Versions/Current/${PRODUCT_NAME}\" \"${BUILT_PRODUCTS_DIR}/${PRODUCT_NAME}.framework/${PRODUCT_NAME}\"\n\n# The -a ensures that the headers maintain the source modification date so that we don't constantly\n# cause propagating rebuilds of files that import these headers.\n/bin/cp -a \"${TARGET_BUILD_DIR}/${PUBLIC_HEADERS_FOLDER_PATH}/\" \"${BUILT_PRODUCTS_DIR}/${PRODUCT_NAME}.framework/Versions/A/Headers\"\n\n";
		};
		D8376BEF186E2F8C00B45FA3 /* ShellScript */ = {
			isa = PBXShellScriptBuildPhase;
			buildActionMask = 2147483647;
			files = (
			);
			inputPaths = (
			);
			outputPaths = (
			);
			runOnlyForDeploymentPostprocessing = 0;
			shellPath = /bin/sh;
			shellScript = "set -e\nset +u\n# Avoid recursively calling this script.\nif [[ $SF_MASTER_SCRIPT_RUNNING ]]\nthen\nexit 0\nfi\nset -u\nexport SF_MASTER_SCRIPT_RUNNING=1\n\nSF_TARGET_NAME=${PROJECT_NAME}\nSF_EXECUTABLE_PATH=\"lib${SF_TARGET_NAME}.a\"\nSF_WRAPPER_NAME=\"${SF_TARGET_NAME}.framework\"\n\n# The following conditionals come from\n# https://github.com/kstenerud/iOS-Universal-Framework\n\nif [[ \"$SDK_NAME\" =~ ([A-Za-z]+) ]]\nthen\nSF_SDK_PLATFORM=${BASH_REMATCH[1]}\nelse\necho \"Could not find platform name from SDK_NAME: $SDK_NAME\"\nexit 1\nfi\n\nif [[ \"$SDK_NAME\" =~ ([0-9]+.*$) ]]\nthen\nSF_SDK_VERSION=${BASH_REMATCH[1]}\nelse\necho \"Could not find sdk version from SDK_NAME: $SDK_NAME\"\nexit 1\nfi\n\nif [[ \"$SF_SDK_PLATFORM\" = \"iphoneos\" ]]\nthen\nSF_OTHER_PLATFORM=iphonesimulator\nelse\nSF_OTHER_PLATFORM=iphoneos\nfi\n\nif [[ \"$BUILT_PRODUCTS_DIR\" =~ (.*)$SF_SDK_PLATFORM$ ]]\nthen\nSF_OTHER_BUILT_PRODUCTS_DIR=\"${BASH_REMATCH[1]}${SF_OTHER_PLATFORM}\"\nelse\necho \"Could not find platform name from build products directory: $BUILT_PRODUCTS_DIR\"\nexit 1\nfi\n\n# Build the other platform.\nxcodebuild OTHER_CFLAGS=\"-fembed-bitcode\" -project \"${PROJECT_FILE_PATH}\" -target \"${TARGET_NAME}\" -configuration \"${CONFIGURATION}\" -sdk ${SF_OTHER_PLATFORM}${SF_SDK_VERSION} BUILD_DIR=\"${BUILD_DIR}\" OBJROOT=\"${OBJROOT}\" BUILD_ROOT=\"${BUILD_ROOT}\" SYMROOT=\"${SYMROOT}\" $ACTION\n\n# Smash the two static libraries into one fat binary and store it in the .framework\nlipo -create \"${BUILT_PRODUCTS_DIR}/${SF_EXECUTABLE_PATH}\" \"${SF_OTHER_BUILT_PRODUCTS_DIR}/${SF_EXECUTABLE_PATH}\" -output \"${BUILT_PRODUCTS_DIR}/${SF_WRAPPER_NAME}/Versions/A/${SF_TARGET_NAME}\"\n\n# Copy the binary to the other architecture folder to have a complete framework in both.\ncp -a \"${BUILT_PRODUCTS_DIR}/${SF_WRAPPER_NAME}/Versions/A/${SF_TARGET_NAME}\" \"${SF_OTHER_BUILT_PRODUCTS_DIR}/${SF_WRAPPER_NAME}/Versions/A/${SF_TARGET_NAME}\"\n\n# Delete modules file\nrm -f \"${SF_OTHER_BUILT_PRODUCTS_DIR}/${SF_WRAPPER_NAME}/module.modulemap\"\n\n## Put the final .framework at the top level\nrm -fr \"${SRCROOT}/../${SF_WRAPPER_NAME}\"\ncp -a \"${SF_OTHER_BUILT_PRODUCTS_DIR}/${SF_WRAPPER_NAME}\" \"${SRCROOT}/../\"\n\n\n";
		};
/* End PBXShellScriptBuildPhase section */

/* Begin PBXSourcesBuildPhase section */
		D82F1D7118564C7700D4DEA8 /* Sources */ = {
			isa = PBXSourcesBuildPhase;
			buildActionMask = 2147483647;
			files = (
				E61C73DB1D2A4D4100DA1CB0 /* OBViewabilityOperation.m in Sources */,
				E61C73D91D2A4D4100DA1CB0 /* OBRecommendationRequestOperation.m in Sources */,
				E61C738D1D2A4AA300DA1CB0 /* OBWebView.m in Sources */,
				E61C738F1D2A4AA300DA1CB0 /* OBWKWebview.m in Sources */,
				E61C73BC1D2A4C9300DA1CB0 /* OBRecommendationResponse.m in Sources */,
				E61C73EC1D2A4DB800DA1CB0 /* OBErrors.m in Sources */,
				E61C73D31D2A4D4100DA1CB0 /* OBClickRegistrationOperation.m in Sources */,
				E61C73C21D2A4C9300DA1CB0 /* OBSettings.m in Sources */,
				E61C73BE1D2A4C9300DA1CB0 /* OBResponse.m in Sources */,
				E61C739C1D2A4B6100DA1CB0 /* UIView+Visible.m in Sources */,
				E61C737C1D2A47D300DA1CB0 /* OBBridge.m in Sources */,
				E61C73BA1D2A4C9300DA1CB0 /* OBRequest.m in Sources */,
				E61C73D71D2A4D4100DA1CB0 /* OBPostOperation.m in Sources */,
				E61C73B61D2A4C9300DA1CB0 /* OBImage.m in Sources */,
				E6E91F7B1D2D08E300A777F3 /* OutbrainHelper.m in Sources */,
				E61C73D51D2A4D4100DA1CB0 /* OBOperation.m in Sources */,
				E61C73891D2A4AA300DA1CB0 /* CustomWebViewManager.m in Sources */,
				E61C73EE1D2A4DB800DA1CB0 /* OBRecommendationsTokenHandler.m in Sources */,
				E61C73B31D2A4C9300DA1CB0 /* OBContent.m in Sources */,
				E61C738B1D2A4AA300DA1CB0 /* NJKWebViewProgress.m in Sources */,
				D82F1D8018564C7700D4DEA8 /* Outbrain.m in Sources */,
				E61C739A1D2A4B6100DA1CB0 /* OBViewabilityService.m in Sources */,
				E61C73981D2A4B6100DA1CB0 /* OBLabel.m in Sources */,
				E61C73B81D2A4C9300DA1CB0 /* OBRecommendation.m in Sources */,
				E61C73EA1D2A4DB800DA1CB0 /* OBAppleAdIdUtil.m in Sources */,
				E61C73DD1D2A4D4100DA1CB0 /* OBReachability.m in Sources */,
				E61C73C01D2A4C9300DA1CB0 /* OBResponseRequest.m in Sources */,
			);
			runOnlyForDeploymentPostprocessing = 0;
		};
		D82F1D8118564C7800D4DEA8 /* Sources */ = {
			isa = PBXSourcesBuildPhase;
			buildActionMask = 2147483647;
			files = (
				D85409BD1875D6490088DF2A /* OBCannedNetworkTest.m in Sources */,
				D800EBEB18A2E64A00404AD9 /* OBRequestTest.m in Sources */,
				D82F1D9518564C7800D4DEA8 /* OutbrainSDKTests.m in Sources */,
				D8299EA418B28E1800196107 /* ILCannedURLProtocol.m in Sources */,
				D849D1091868B67300CB4B83 /* OBContentTest.m in Sources */,
				D8962C26186DEE5B009A37A4 /* OBAsyncTest.m in Sources */,
				D849D1111868C96600CB4B83 /* OBResponseTest.m in Sources */,
				D85409BB1875D6320088DF2A /* OBNetworkTest.m in Sources */,
			);
			runOnlyForDeploymentPostprocessing = 0;
		};
		D8C91AAB1871FF20005916A2 /* Sources */ = {
			isa = PBXSourcesBuildPhase;
			buildActionMask = 2147483647;
			files = (
				D89621601887111200BA917D /* OBReccomendationResponseListVC.m in Sources */,
				D896215D1887111200BA917D /* main.m in Sources */,
				D89621611887111200BA917D /* OBWebViewController.m in Sources */,
				D896215E1887111200BA917D /* OBAppDelegate.m in Sources */,
			);
			runOnlyForDeploymentPostprocessing = 0;
		};
/* End PBXSourcesBuildPhase section */

/* Begin PBXTargetDependency section */
		D8376BEE186E2F7800B45FA3 /* PBXTargetDependency */ = {
			isa = PBXTargetDependency;
			target = D82F1D7418564C7700D4DEA8 /* OutbrainSDK */;
			targetProxy = D8376BED186E2F7800B45FA3 /* PBXContainerItemProxy */;
		};
		D896217E18871CCD00BA917D /* PBXTargetDependency */ = {
			isa = PBXTargetDependency;
			target = D8C91AAE1871FF20005916A2 /* OBIntegrationTests */;
			targetProxy = D896217D18871CCD00BA917D /* PBXContainerItemProxy */;
		};
/* End PBXTargetDependency section */

/* Begin PBXVariantGroup section */
		D82F1D9118564C7800D4DEA8 /* InfoPlist.strings */ = {
			isa = PBXVariantGroup;
			children = (
				D82F1D9218564C7800D4DEA8 /* en */,
			);
			name = InfoPlist.strings;
			sourceTree = "<group>";
		};
		D896214E1887111200BA917D /* InfoPlist.strings */ = {
			isa = PBXVariantGroup;
			children = (
				D896214F1887111200BA917D /* en */,
			);
			name = InfoPlist.strings;
			sourceTree = "<group>";
		};
/* End PBXVariantGroup section */

/* Begin XCBuildConfiguration section */
		D82F1D9618564C7800D4DEA8 /* Debug */ = {
			isa = XCBuildConfiguration;
			buildSettings = {
				ALWAYS_SEARCH_USER_PATHS = NO;
				CLANG_CXX_LANGUAGE_STANDARD = "gnu++0x";
				CLANG_CXX_LIBRARY = "libc++";
				CLANG_ENABLE_MODULES = YES;
				CLANG_ENABLE_OBJC_ARC = YES;
				CLANG_WARN_BOOL_CONVERSION = YES;
				CLANG_WARN_CONSTANT_CONVERSION = YES;
				CLANG_WARN_DIRECT_OBJC_ISA_USAGE = YES_ERROR;
				CLANG_WARN_EMPTY_BODY = YES;
				CLANG_WARN_ENUM_CONVERSION = YES;
				CLANG_WARN_INT_CONVERSION = YES;
				CLANG_WARN_OBJC_ROOT_CLASS = YES_ERROR;
				CLANG_WARN__DUPLICATE_METHOD_MATCH = YES;
				COPY_PHASE_STRIP = NO;
				DEPLOYMENT_LOCATION = NO;
				ENABLE_TESTABILITY = YES;
				GCC_C_LANGUAGE_STANDARD = gnu99;
				GCC_DYNAMIC_NO_PIC = NO;
				GCC_OPTIMIZATION_LEVEL = 0;
				GCC_PREPROCESSOR_DEFINITIONS = (
					"DEBUG=1",
					"$(inherited)",
				);
				GCC_SYMBOLS_PRIVATE_EXTERN = NO;
				GCC_WARN_64_TO_32_BIT_CONVERSION = YES;
				GCC_WARN_ABOUT_RETURN_TYPE = YES_ERROR;
				GCC_WARN_UNDECLARED_SELECTOR = YES;
				GCC_WARN_UNINITIALIZED_AUTOS = YES;
				GCC_WARN_UNUSED_FUNCTION = YES;
				GCC_WARN_UNUSED_VARIABLE = YES;
				INSTALL_PATH = "~/Desktop";
				IPHONEOS_DEPLOYMENT_TARGET = 7.0;
				ONLY_ACTIVE_ARCH = YES;
				SDKROOT = iphoneos;
				VALID_ARCHS = "arm64 armv7 armv7s x86_64 i386";
			};
			name = Debug;
		};
		D82F1D9718564C7800D4DEA8 /* Release */ = {
			isa = XCBuildConfiguration;
			buildSettings = {
				ALWAYS_SEARCH_USER_PATHS = NO;
				CLANG_CXX_LANGUAGE_STANDARD = "gnu++0x";
				CLANG_CXX_LIBRARY = "libc++";
				CLANG_ENABLE_MODULES = YES;
				CLANG_ENABLE_OBJC_ARC = YES;
				CLANG_WARN_BOOL_CONVERSION = YES;
				CLANG_WARN_CONSTANT_CONVERSION = YES;
				CLANG_WARN_DIRECT_OBJC_ISA_USAGE = YES_ERROR;
				CLANG_WARN_EMPTY_BODY = YES;
				CLANG_WARN_ENUM_CONVERSION = YES;
				CLANG_WARN_INT_CONVERSION = YES;
				CLANG_WARN_OBJC_ROOT_CLASS = YES_ERROR;
				CLANG_WARN__DUPLICATE_METHOD_MATCH = YES;
				COPY_PHASE_STRIP = YES;
				DEPLOYMENT_LOCATION = NO;
				ENABLE_NS_ASSERTIONS = NO;
				GCC_C_LANGUAGE_STANDARD = gnu99;
				GCC_WARN_64_TO_32_BIT_CONVERSION = YES;
				GCC_WARN_ABOUT_RETURN_TYPE = YES_ERROR;
				GCC_WARN_UNDECLARED_SELECTOR = YES;
				GCC_WARN_UNINITIALIZED_AUTOS = YES;
				GCC_WARN_UNUSED_FUNCTION = YES;
				GCC_WARN_UNUSED_VARIABLE = YES;
				INSTALL_PATH = "~/Desktop";
				IPHONEOS_DEPLOYMENT_TARGET = 7.0;
				SDKROOT = iphoneos;
				VALIDATE_PRODUCT = YES;
				VALID_ARCHS = "arm64 armv7 armv7s x86_64 i386";
			};
			name = Release;
		};
		D82F1D9918564C7800D4DEA8 /* Debug */ = {
			isa = XCBuildConfiguration;
			buildSettings = {
				CODE_SIGN_IDENTITY = "iPhone Developer";
				COPY_PHASE_STRIP = NO;
				DEAD_CODE_STRIPPING = NO;
				DEFINES_MODULE = YES;
				DSTROOT = /tmp/OutbrainSDK.dst;
				EXECUTABLE_EXTENSION = a;
				FRAMEWORK_SEARCH_PATHS = (
					"$(inherited)",
					"$(USER_LIBRARY_DIR)/Developer/Xcode/DerivedData/OutbrainSDK-akdrgzftfjdjoiaaudvjsecuoopu/Build/Products/Debug-iphonesimulator",
				);
				GCC_PRECOMPILE_PREFIX_HEADER = YES;
				GCC_PREFIX_HEADER = "OutbrainSDK/OutbrainSDK-Prefix.pch";
				IPHONEOS_DEPLOYMENT_TARGET = 7.0;
				ONLY_ACTIVE_ARCH = NO;
				OTHER_CFLAGS = "-fembed-bitcode ";
				OTHER_LDFLAGS = "-ObjC";
				PRODUCT_NAME = "$(TARGET_NAME)";
				PUBLIC_HEADERS_FOLDER_PATH = "$(PROJECT_NAME)Headers";
				SDKROOT = iphoneos;
				SKIP_INSTALL = YES;
				STRIP_STYLE = "non-global";
				VALID_ARCHS = "${inherited}";
			};
			name = Debug;
		};
		D82F1D9A18564C7800D4DEA8 /* Release */ = {
			isa = XCBuildConfiguration;
			buildSettings = {
				CODE_SIGN_IDENTITY = "iPhone Developer";
				COPY_PHASE_STRIP = NO;
				DEAD_CODE_STRIPPING = NO;
				DEFINES_MODULE = YES;
				DSTROOT = /tmp/OutbrainSDK.dst;
				EXECUTABLE_EXTENSION = a;
				FRAMEWORK_SEARCH_PATHS = (
					"$(inherited)",
					"$(USER_LIBRARY_DIR)/Developer/Xcode/DerivedData/OutbrainSDK-akdrgzftfjdjoiaaudvjsecuoopu/Build/Products/Debug-iphonesimulator",
				);
				GCC_PRECOMPILE_PREFIX_HEADER = YES;
				GCC_PREFIX_HEADER = "OutbrainSDK/OutbrainSDK-Prefix.pch";
				IPHONEOS_DEPLOYMENT_TARGET = 7.0;
				OTHER_CFLAGS = "-fembed-bitcode ";
				OTHER_LDFLAGS = "-ObjC";
				PRODUCT_NAME = "$(TARGET_NAME)";
				PUBLIC_HEADERS_FOLDER_PATH = "$(PROJECT_NAME)Headers";
				SDKROOT = iphoneos;
				SKIP_INSTALL = YES;
				STRIP_STYLE = "non-global";
				VALID_ARCHS = "${inherited}";
			};
			name = Release;
		};
		D82F1D9C18564C7800D4DEA8 /* Debug */ = {
			isa = XCBuildConfiguration;
			buildSettings = {
				BUNDLE_LOADER = "$(BUILT_PRODUCTS_DIR)/OBIntegrationTests.app/OBIntegrationTests";
				CODE_SIGN_IDENTITY = "iPhone Developer";
				FRAMEWORK_SEARCH_PATHS = (
					"$(SDKROOT)/Developer/Library/Frameworks",
					"$(inherited)",
					"$(DEVELOPER_FRAMEWORKS_DIR)",
				);
				GCC_PRECOMPILE_PREFIX_HEADER = YES;
				GCC_PREFIX_HEADER = "OutbrainSDK/OutbrainSDK-Prefix.pch";
				GCC_PREPROCESSOR_DEFINITIONS = (
					"DEBUG=1",
					"$(inherited)",
				);
				INFOPLIST_FILE = "OutbrainSDKTests/OutbrainSDKTests-Info.plist";
				IPHONEOS_DEPLOYMENT_TARGET = 5.0;
				PRODUCT_NAME = "$(TARGET_NAME)";
				SDKROOT = iphoneos;
				TEST_HOST = "$(BUNDLE_LOADER)";
			};
			name = Debug;
		};
		D82F1D9D18564C7800D4DEA8 /* Release */ = {
			isa = XCBuildConfiguration;
			buildSettings = {
				BUNDLE_LOADER = "$(BUILT_PRODUCTS_DIR)/OBIntegrationTests.app/OBIntegrationTests";
				CODE_SIGN_IDENTITY = "iPhone Developer";
				FRAMEWORK_SEARCH_PATHS = (
					"$(SDKROOT)/Developer/Library/Frameworks",
					"$(inherited)",
					"$(DEVELOPER_FRAMEWORKS_DIR)",
				);
				GCC_PRECOMPILE_PREFIX_HEADER = YES;
				GCC_PREFIX_HEADER = "OutbrainSDK/OutbrainSDK-Prefix.pch";
				INFOPLIST_FILE = "OutbrainSDKTests/OutbrainSDKTests-Info.plist";
				IPHONEOS_DEPLOYMENT_TARGET = 5.0;
				PRODUCT_NAME = "$(TARGET_NAME)";
				SDKROOT = iphoneos;
				TEST_HOST = "$(BUNDLE_LOADER)";
			};
			name = Release;
		};
		D8376BEB186E2F6D00B45FA3 /* Debug */ = {
			isa = XCBuildConfiguration;
			buildSettings = {
				DEFINES_MODULE = YES;
				ONLY_ACTIVE_ARCH = NO;
				OTHER_LDFLAGS = "-ObjC";
				PRODUCT_NAME = "$(TARGET_NAME)";
				SDKROOT = iphoneos;
				VALID_ARCHS = "${inherited}";
				WRAPPER_EXTENSION = framework;
			};
			name = Debug;
		};
		D8376BEC186E2F6D00B45FA3 /* Release */ = {
			isa = XCBuildConfiguration;
			buildSettings = {
				DEFINES_MODULE = YES;
				OTHER_LDFLAGS = "-ObjC";
				PRODUCT_NAME = "$(TARGET_NAME)";
				SDKROOT = iphoneos;
				VALID_ARCHS = "${inherited}";
				WRAPPER_EXTENSION = framework;
			};
			name = Release;
		};
		D8C91AD41871FF21005916A2 /* Debug */ = {
			isa = XCBuildConfiguration;
			buildSettings = {
				ASSETCATALOG_COMPILER_APPICON_NAME = AppIcon;
				ASSETCATALOG_COMPILER_LAUNCHIMAGE_NAME = LaunchImage;
				CODE_SIGN_IDENTITY = "iPhone Developer";
				FRAMEWORK_SEARCH_PATHS = (
					"$(inherited)",
					"$(DEVELOPER_FRAMEWORKS_DIR)",
				);
				GCC_PRECOMPILE_PREFIX_HEADER = YES;
				GCC_PREFIX_HEADER = "${SRCROOT}/${PRODUCT_NAME}/${PRODUCT_NAME}-Prefix.pch";
				GCC_PREPROCESSOR_DEFINITIONS = "$(inherited)";
				INFOPLIST_FILE = "$(SRCROOT)/OBIntegrationTests/OBIntegrationTests-Info.plist";
				IPHONEOS_DEPLOYMENT_TARGET = 5.0;
				OTHER_LDFLAGS = "-ObjC";
				PRODUCT_BUNDLE_IDENTIFIER = com.outbrain.test;
				PRODUCT_NAME = "$(TARGET_NAME)";
				TARGETED_DEVICE_FAMILY = "1,2";
				WRAPPER_EXTENSION = app;
			};
			name = Debug;
		};
		D8C91AD51871FF21005916A2 /* Release */ = {
			isa = XCBuildConfiguration;
			buildSettings = {
				ASSETCATALOG_COMPILER_APPICON_NAME = AppIcon;
				ASSETCATALOG_COMPILER_LAUNCHIMAGE_NAME = LaunchImage;
				CODE_SIGN_IDENTITY = "iPhone Developer";
				FRAMEWORK_SEARCH_PATHS = (
					"$(inherited)",
					"$(DEVELOPER_FRAMEWORKS_DIR)",
				);
				GCC_PRECOMPILE_PREFIX_HEADER = YES;
				GCC_PREFIX_HEADER = "${SRCROOT}/${PRODUCT_NAME}/${PRODUCT_NAME}-Prefix.pch";
				INFOPLIST_FILE = "$(SRCROOT)/OBIntegrationTests/OBIntegrationTests-Info.plist";
				IPHONEOS_DEPLOYMENT_TARGET = 5.0;
				OTHER_LDFLAGS = "-ObjC";
				PRODUCT_BUNDLE_IDENTIFIER = com.outbrain.test;
				PRODUCT_NAME = "$(TARGET_NAME)";
				TARGETED_DEVICE_FAMILY = "1,2";
				WRAPPER_EXTENSION = app;
			};
			name = Release;
		};
/* End XCBuildConfiguration section */

/* Begin XCConfigurationList section */
		D82F1D7018564C7700D4DEA8 /* Build configuration list for PBXProject "OutbrainSDK" */ = {
			isa = XCConfigurationList;
			buildConfigurations = (
				D82F1D9618564C7800D4DEA8 /* Debug */,
				D82F1D9718564C7800D4DEA8 /* Release */,
			);
			defaultConfigurationIsVisible = 0;
			defaultConfigurationName = Release;
		};
		D82F1D9818564C7800D4DEA8 /* Build configuration list for PBXNativeTarget "OutbrainSDK" */ = {
			isa = XCConfigurationList;
			buildConfigurations = (
				D82F1D9918564C7800D4DEA8 /* Debug */,
				D82F1D9A18564C7800D4DEA8 /* Release */,
			);
			defaultConfigurationIsVisible = 0;
			defaultConfigurationName = Release;
		};
		D82F1D9B18564C7800D4DEA8 /* Build configuration list for PBXNativeTarget "OutbrainSDKTests" */ = {
			isa = XCConfigurationList;
			buildConfigurations = (
				D82F1D9C18564C7800D4DEA8 /* Debug */,
				D82F1D9D18564C7800D4DEA8 /* Release */,
			);
			defaultConfigurationIsVisible = 0;
			defaultConfigurationName = Release;
		};
		D8376BEA186E2F6D00B45FA3 /* Build configuration list for PBXAggregateTarget "OBFramework" */ = {
			isa = XCConfigurationList;
			buildConfigurations = (
				D8376BEB186E2F6D00B45FA3 /* Debug */,
				D8376BEC186E2F6D00B45FA3 /* Release */,
			);
			defaultConfigurationIsVisible = 0;
			defaultConfigurationName = Release;
		};
		D8C91AD31871FF21005916A2 /* Build configuration list for PBXNativeTarget "OBIntegrationTests" */ = {
			isa = XCConfigurationList;
			buildConfigurations = (
				D8C91AD41871FF21005916A2 /* Debug */,
				D8C91AD51871FF21005916A2 /* Release */,
			);
			defaultConfigurationIsVisible = 0;
			defaultConfigurationName = Release;
		};
/* End XCConfigurationList section */
	};
	rootObject = D82F1D6D18564C7700D4DEA8 /* Project object */;
}
