// !$*UTF8*$!
{
	archiveVersion = 1;
	classes = {
	};
	objectVersion = 46;
	objects = {

/* Begin PBXBuildFile section */
		D8174B2F18A562BC005696C2 /* Settings.bundle in Resources */ = {isa = PBXBuildFile; fileRef = D8174B2E18A562BC005696C2 /* Settings.bundle */; };
		D825CE9E1898619D00E20E38 /* OBInterstitialClassicView.m in Sources */ = {isa = PBXBuildFile; fileRef = D825CE9D1898619D00E20E38 /* OBInterstitialClassicView.m */; };
		D834566A1885A543002B2368 /* Post.m in Sources */ = {isa = PBXBuildFile; fileRef = D83456471885A543002B2368 /* Post.m */; };
		D834566B1885A543002B2368 /* OBDemoDataHelper.m in Sources */ = {isa = PBXBuildFile; fileRef = D83456491885A543002B2368 /* OBDemoDataHelper.m */; };
		D834566C1885A543002B2368 /* OBAppDelegate.m in Sources */ = {isa = PBXBuildFile; fileRef = D834564B1885A543002B2368 /* OBAppDelegate.m */; };
		D834566D1885A543002B2368 /* Images.xcassets in Resources */ = {isa = PBXBuildFile; fileRef = D834564D1885A543002B2368 /* Images.xcassets */; };
		D834566E1885A543002B2368 /* main.m in Sources */ = {isa = PBXBuildFile; fileRef = D834564E1885A543002B2368 /* main.m */; };
		D834566F1885A543002B2368 /* OBConfig.plist in Resources */ = {isa = PBXBuildFile; fileRef = D83456511885A543002B2368 /* OBConfig.plist */; };
		D83456711885A543002B2368 /* MainStoryboard-iphone.storyboard in Resources */ = {isa = PBXBuildFile; fileRef = D83456541885A543002B2368 /* MainStoryboard-iphone.storyboard */; };
		D83456721885A543002B2368 /* PostsListVC.m in Sources */ = {isa = PBXBuildFile; fileRef = D83456581885A543002B2368 /* PostsListVC.m */; };
		D83456731885A543002B2368 /* PostsSwipeVC.m in Sources */ = {isa = PBXBuildFile; fileRef = D834565B1885A543002B2368 /* PostsSwipeVC.m */; };
		D83456741885A543002B2368 /* PostViewCell.m in Sources */ = {isa = PBXBuildFile; fileRef = D83456601885A543002B2368 /* PostViewCell.m */; };
		D83456751885A543002B2368 /* OBParalaxTitleView.m in Sources */ = {isa = PBXBuildFile; fileRef = D83456631885A543002B2368 /* OBParalaxTitleView.m */; };
		D83456761885A543002B2368 /* OBRefreshControl.m in Sources */ = {isa = PBXBuildFile; fileRef = D83456661885A543002B2368 /* OBRefreshControl.m */; };
		D83456771885A543002B2368 /* TinyPageControl.m in Sources */ = {isa = PBXBuildFile; fileRef = D83456691885A543002B2368 /* TinyPageControl.m */; };
		D852F382187B5B3C008A2A04 /* Security.framework in Frameworks */ = {isa = PBXBuildFile; fileRef = D852F381187B5B3C008A2A04 /* Security.framework */; };
		D852F384187B5B40008A2A04 /* QuartzCore.framework in Frameworks */ = {isa = PBXBuildFile; fileRef = D852F383187B5B40008A2A04 /* QuartzCore.framework */; };
		D852F388187B673B008A2A04 /* OBAdhesionView.m in Sources */ = {isa = PBXBuildFile; fileRef = D852F387187B673B008A2A04 /* OBAdhesionView.m */; };
		D86CEFCF18A15436002B2017 /* JLoadingView.m in Sources */ = {isa = PBXBuildFile; fileRef = D86CEFCE18A15436002B2017 /* JLoadingView.m */; };
		D87534661899A1650083933F /* OBInterstitialHeroGridView.m in Sources */ = {isa = PBXBuildFile; fileRef = D87534651899A1650083933F /* OBInterstitialHeroGridView.m */; };
		D87BC2E218888016006D1173 /* OBClassicRecommendationsView.m in Sources */ = {isa = PBXBuildFile; fileRef = D87BC2E01888800F006D1173 /* OBClassicRecommendationsView.m */; };
		D87BC2E61889D29A006D1173 /* OBRecommendationWebVC.m in Sources */ = {isa = PBXBuildFile; fileRef = D87BC2E51889D29A006D1173 /* OBRecommendationWebVC.m */; };
		D8B5923D186376B1009422D5 /* Foundation.framework in Frameworks */ = {isa = PBXBuildFile; fileRef = D8B5923C186376B1009422D5 /* Foundation.framework */; };
		D8B5923F186376B1009422D5 /* CoreGraphics.framework in Frameworks */ = {isa = PBXBuildFile; fileRef = D8B5923E186376B1009422D5 /* CoreGraphics.framework */; };
		D8B59241186376B1009422D5 /* UIKit.framework in Frameworks */ = {isa = PBXBuildFile; fileRef = D8B59240186376B1009422D5 /* UIKit.framework */; };
		D8D1FD9D187332540099831C /* OBRecommendationSlideCell.m in Sources */ = {isa = PBXBuildFile; fileRef = D8D1FD9C187332540099831C /* OBRecommendationSlideCell.m */; };
		D8D85B8518D9DD41009081B6 /* logo.png in Resources */ = {isa = PBXBuildFile; fileRef = D8D85B8118D9DD41009081B6 /* logo.png */; };
		D8D85B8718D9DD41009081B6 /* logo@2x.png in Resources */ = {isa = PBXBuildFile; fileRef = D8D85B8218D9DD41009081B6 /* logo@2x.png */; };
		D8D85B8918D9DD41009081B6 /* tiny-logo.png in Resources */ = {isa = PBXBuildFile; fileRef = D8D85B8318D9DD41009081B6 /* tiny-logo.png */; };
		D8D85B8B18D9DD41009081B6 /* tiny-logo@2x.png in Resources */ = {isa = PBXBuildFile; fileRef = D8D85B8418D9DD41009081B6 /* tiny-logo@2x.png */; };
		D8F5818F18B4103A00AEBC15 /* OBInterstitialHeroView.m in Sources */ = {isa = PBXBuildFile; fileRef = D8F5818D18B40F6200AEBC15 /* OBInterstitialHeroView.m */; };
		E64366611FAA10A500FA617E /* PaddingLabel.m in Sources */ = {isa = PBXBuildFile; fileRef = E64366601FAA10A500FA617E /* PaddingLabel.m */; };
		E66AC33A1C99AAE100A23876 /* OutbrainSDK.framework in Frameworks */ = {isa = PBXBuildFile; fileRef = E66AC3391C99AAE000A23876 /* OutbrainSDK.framework */; };
		E6A5E4071F9C869B00D894C5 /* LaunchScreen.storyboard in Resources */ = {isa = PBXBuildFile; fileRef = E6A5E4061F9C861300D894C5 /* LaunchScreen.storyboard */; };
		E6B684771F8A4464004F4AEF /* NewMainStoryboard.storyboard in Resources */ = {isa = PBXBuildFile; fileRef = E6B684761F8A4464004F4AEF /* NewMainStoryboard.storyboard */; };
		E6E91F821D36749B00A777F3 /* SystemConfiguration.framework in Frameworks */ = {isa = PBXBuildFile; fileRef = E6E91F811D36749B00A777F3 /* SystemConfiguration.framework */; };
		E6FFC2C31C28489A00498168 /* WebKit.framework in Frameworks */ = {isa = PBXBuildFile; fileRef = E6FFC2C21C28489A00498168 /* WebKit.framework */; };
		FC174409191BB6F2008B60EF /* OBLabelWithPadding.m in Sources */ = {isa = PBXBuildFile; fileRef = FC174408191BB6F2008B60EF /* OBLabelWithPadding.m */; };
		FC820C1219DD597F00ABAD89 /* AdSupport.framework in Frameworks */ = {isa = PBXBuildFile; fileRef = FC820C1119DD597F00ABAD89 /* AdSupport.framework */; };
		FC89009A1AA33B49008BAD54 /* TopBoxPostViewCell.m in Sources */ = {isa = PBXBuildFile; fileRef = FC8900991AA33B49008BAD54 /* TopBoxPostViewCell.m */; };
		FC89009B1AA34370008BAD54 /* OBTopBoxView.m in Sources */ = {isa = PBXBuildFile; fileRef = FCF0FE881A91C2F0008FC34E /* OBTopBoxView.m */; };
/* End PBXBuildFile section */

/* Begin PBXContainerItemProxy section */
		E66AC3311C99AA4300A23876 /* PBXContainerItemProxy */ = {
			isa = PBXContainerItemProxy;
			containerPortal = E66AC3281C99AA4300A23876 /* OutbrainSDK.xcodeproj */;
			proxyType = 2;
			remoteGlobalIDString = D82F1D7518564C7700D4DEA8;
			remoteInfo = OutbrainSDK;
		};
		E66AC3331C99AA4300A23876 /* PBXContainerItemProxy */ = {
			isa = PBXContainerItemProxy;
			containerPortal = E66AC3281C99AA4300A23876 /* OutbrainSDK.xcodeproj */;
			proxyType = 2;
			remoteGlobalIDString = D82F1D8518564C7800D4DEA8;
			remoteInfo = OutbrainSDKTests;
		};
		E66AC3351C99AA5200A23876 /* PBXContainerItemProxy */ = {
			isa = PBXContainerItemProxy;
			containerPortal = E66AC3281C99AA4300A23876 /* OutbrainSDK.xcodeproj */;
			proxyType = 1;
			remoteGlobalIDString = D8376BE9186E2F6D00B45FA3;
			remoteInfo = OBFramework;
		};
/* End PBXContainerItemProxy section */

/* Begin PBXFileReference section */
		D8174B2E18A562BC005696C2 /* Settings.bundle */ = {isa = PBXFileReference; lastKnownFileType = "wrapper.plug-in"; path = Settings.bundle; sourceTree = "<group>"; };
		D825CE9C1898619D00E20E38 /* OBInterstitialClassicView.h */ = {isa = PBXFileReference; fileEncoding = 4; lastKnownFileType = sourcecode.c.h; name = OBInterstitialClassicView.h; path = "../Sample UI/Views/Interstitials/Classic/OBInterstitialClassicView.h"; sourceTree = "<group>"; };
		D825CE9D1898619D00E20E38 /* OBInterstitialClassicView.m */ = {isa = PBXFileReference; fileEncoding = 4; lastKnownFileType = sourcecode.c.objc; name = OBInterstitialClassicView.m; path = "../Sample UI/Views/Interstitials/Classic/OBInterstitialClassicView.m"; sourceTree = "<group>"; };
		D83456461885A543002B2368 /* Post.h */ = {isa = PBXFileReference; fileEncoding = 4; lastKnownFileType = sourcecode.c.h; path = Post.h; sourceTree = "<group>"; };
		D83456471885A543002B2368 /* Post.m */ = {isa = PBXFileReference; fileEncoding = 4; lastKnownFileType = sourcecode.c.objc; path = Post.m; sourceTree = "<group>"; };
		D83456481885A543002B2368 /* OBDemoDataHelper.h */ = {isa = PBXFileReference; fileEncoding = 4; lastKnownFileType = sourcecode.c.h; path = OBDemoDataHelper.h; sourceTree = "<group>"; };
		D83456491885A543002B2368 /* OBDemoDataHelper.m */ = {isa = PBXFileReference; fileEncoding = 4; lastKnownFileType = sourcecode.c.objc; path = OBDemoDataHelper.m; sourceTree = "<group>"; };
		D834564A1885A543002B2368 /* OBAppDelegate.h */ = {isa = PBXFileReference; fileEncoding = 4; lastKnownFileType = sourcecode.c.h; path = OBAppDelegate.h; sourceTree = "<group>"; };
		D834564B1885A543002B2368 /* OBAppDelegate.m */ = {isa = PBXFileReference; fileEncoding = 4; lastKnownFileType = sourcecode.c.objc; path = OBAppDelegate.m; sourceTree = "<group>"; };
		D834564D1885A543002B2368 /* Images.xcassets */ = {isa = PBXFileReference; lastKnownFileType = folder.assetcatalog; path = Images.xcassets; sourceTree = "<group>"; };
		D834564E1885A543002B2368 /* main.m */ = {isa = PBXFileReference; fileEncoding = 4; lastKnownFileType = sourcecode.c.objc; path = main.m; sourceTree = "<group>"; };
		D834564F1885A543002B2368 /* Journal-Prefix.pch */ = {isa = PBXFileReference; fileEncoding = 4; lastKnownFileType = sourcecode.c.h; path = "Journal-Prefix.pch"; sourceTree = "<group>"; };
		D83456511885A543002B2368 /* OBConfig.plist */ = {isa = PBXFileReference; fileEncoding = 4; lastKnownFileType = text.plist.xml; path = OBConfig.plist; sourceTree = "<group>"; };
		D83456521885A543002B2368 /* Journal-Info.plist */ = {isa = PBXFileReference; fileEncoding = 4; lastKnownFileType = text.plist.xml; path = "Journal-Info.plist"; sourceTree = "<group>"; };
		D83456541885A543002B2368 /* MainStoryboard-iphone.storyboard */ = {isa = PBXFileReference; fileEncoding = 4; lastKnownFileType = file.storyboard; path = "MainStoryboard-iphone.storyboard"; sourceTree = "<group>"; };
		D83456571885A543002B2368 /* PostsListVC.h */ = {isa = PBXFileReference; fileEncoding = 4; lastKnownFileType = sourcecode.c.h; path = PostsListVC.h; sourceTree = "<group>"; };
		D83456581885A543002B2368 /* PostsListVC.m */ = {isa = PBXFileReference; fileEncoding = 4; lastKnownFileType = sourcecode.c.objc; path = PostsListVC.m; sourceTree = "<group>"; };
		D834565A1885A543002B2368 /* PostsSwipeVC.h */ = {isa = PBXFileReference; fileEncoding = 4; lastKnownFileType = sourcecode.c.h; path = PostsSwipeVC.h; sourceTree = "<group>"; };
		D834565B1885A543002B2368 /* PostsSwipeVC.m */ = {isa = PBXFileReference; fileEncoding = 4; lastKnownFileType = sourcecode.c.objc; path = PostsSwipeVC.m; sourceTree = "<group>"; };
		D834565F1885A543002B2368 /* PostViewCell.h */ = {isa = PBXFileReference; fileEncoding = 4; lastKnownFileType = sourcecode.c.h; path = PostViewCell.h; sourceTree = "<group>"; };
		D83456601885A543002B2368 /* PostViewCell.m */ = {isa = PBXFileReference; fileEncoding = 4; lastKnownFileType = sourcecode.c.objc; path = PostViewCell.m; sourceTree = "<group>"; };
		D83456621885A543002B2368 /* OBParalaxTitleView.h */ = {isa = PBXFileReference; fileEncoding = 4; lastKnownFileType = sourcecode.c.h; path = OBParalaxTitleView.h; sourceTree = "<group>"; };
		D83456631885A543002B2368 /* OBParalaxTitleView.m */ = {isa = PBXFileReference; fileEncoding = 4; lastKnownFileType = sourcecode.c.objc; path = OBParalaxTitleView.m; sourceTree = "<group>"; };
		D83456651885A543002B2368 /* OBRefreshControl.h */ = {isa = PBXFileReference; fileEncoding = 4; lastKnownFileType = sourcecode.c.h; path = OBRefreshControl.h; sourceTree = "<group>"; };
		D83456661885A543002B2368 /* OBRefreshControl.m */ = {isa = PBXFileReference; fileEncoding = 4; lastKnownFileType = sourcecode.c.objc; path = OBRefreshControl.m; sourceTree = "<group>"; };
		D83456681885A543002B2368 /* TinyPageControl.h */ = {isa = PBXFileReference; fileEncoding = 4; lastKnownFileType = sourcecode.c.h; path = TinyPageControl.h; sourceTree = "<group>"; };
		D83456691885A543002B2368 /* TinyPageControl.m */ = {isa = PBXFileReference; fileEncoding = 4; lastKnownFileType = sourcecode.c.objc; path = TinyPageControl.m; sourceTree = "<group>"; };
		D852F381187B5B3C008A2A04 /* Security.framework */ = {isa = PBXFileReference; lastKnownFileType = wrapper.framework; name = Security.framework; path = System/Library/Frameworks/Security.framework; sourceTree = SDKROOT; };
		D852F383187B5B40008A2A04 /* QuartzCore.framework */ = {isa = PBXFileReference; lastKnownFileType = wrapper.framework; name = QuartzCore.framework; path = System/Library/Frameworks/QuartzCore.framework; sourceTree = SDKROOT; };
		D852F386187B673B008A2A04 /* OBAdhesionView.h */ = {isa = PBXFileReference; fileEncoding = 4; lastKnownFileType = sourcecode.c.h; name = OBAdhesionView.h; path = "../Sample UI/Views/OBAdhesionView.h"; sourceTree = "<group>"; };
		D852F387187B673B008A2A04 /* OBAdhesionView.m */ = {isa = PBXFileReference; fileEncoding = 4; lastKnownFileType = sourcecode.c.objc; name = OBAdhesionView.m; path = "../Sample UI/Views/OBAdhesionView.m"; sourceTree = "<group>"; };
		D86CEFCD18A15436002B2017 /* JLoadingView.h */ = {isa = PBXFileReference; fileEncoding = 4; lastKnownFileType = sourcecode.c.h; name = JLoadingView.h; path = "Loading View/JLoadingView.h"; sourceTree = "<group>"; };
		D86CEFCE18A15436002B2017 /* JLoadingView.m */ = {isa = PBXFileReference; fileEncoding = 4; lastKnownFileType = sourcecode.c.objc; name = JLoadingView.m; path = "Loading View/JLoadingView.m"; sourceTree = "<group>"; };
		D87534641899A1650083933F /* OBInterstitialHeroGridView.h */ = {isa = PBXFileReference; fileEncoding = 4; lastKnownFileType = sourcecode.c.h; name = OBInterstitialHeroGridView.h; path = "../Sample UI/Views/Interstitials/Hero+Grid/OBInterstitialHeroGridView.h"; sourceTree = "<group>"; };
		D87534651899A1650083933F /* OBInterstitialHeroGridView.m */ = {isa = PBXFileReference; fileEncoding = 4; lastKnownFileType = sourcecode.c.objc; name = OBInterstitialHeroGridView.m; path = "../Sample UI/Views/Interstitials/Hero+Grid/OBInterstitialHeroGridView.m"; sourceTree = "<group>"; };
		D87534671899A18F0083933F /* OBInterstitialViewProtocol.h */ = {isa = PBXFileReference; fileEncoding = 4; lastKnownFileType = sourcecode.c.h; name = OBInterstitialViewProtocol.h; path = "../Sample UI/Views/Interstitials/OBInterstitialViewProtocol.h"; sourceTree = "<group>"; };
		D87BC2DF1888800F006D1173 /* OBClassicRecommendationsView.h */ = {isa = PBXFileReference; fileEncoding = 4; lastKnownFileType = sourcecode.c.h; name = OBClassicRecommendationsView.h; path = "../Sample UI/Views/OBClassicRecommendationsView/OBClassicRecommendationsView.h"; sourceTree = "<group>"; };
		D87BC2E01888800F006D1173 /* OBClassicRecommendationsView.m */ = {isa = PBXFileReference; fileEncoding = 4; lastKnownFileType = sourcecode.c.objc; name = OBClassicRecommendationsView.m; path = "../Sample UI/Views/OBClassicRecommendationsView/OBClassicRecommendationsView.m"; sourceTree = "<group>"; };
		D87BC2E41889D29A006D1173 /* OBRecommendationWebVC.h */ = {isa = PBXFileReference; fileEncoding = 4; lastKnownFileType = sourcecode.c.h; name = OBRecommendationWebVC.h; path = WebVC/OBRecommendationWebVC.h; sourceTree = "<group>"; };
		D87BC2E51889D29A006D1173 /* OBRecommendationWebVC.m */ = {isa = PBXFileReference; fileEncoding = 4; lastKnownFileType = sourcecode.c.objc; name = OBRecommendationWebVC.m; path = WebVC/OBRecommendationWebVC.m; sourceTree = "<group>"; };
		D8B59239186376B1009422D5 /* Journal.app */ = {isa = PBXFileReference; explicitFileType = wrapper.application; includeInIndex = 0; path = Journal.app; sourceTree = BUILT_PRODUCTS_DIR; };
		D8B5923C186376B1009422D5 /* Foundation.framework */ = {isa = PBXFileReference; lastKnownFileType = wrapper.framework; name = Foundation.framework; path = System/Library/Frameworks/Foundation.framework; sourceTree = SDKROOT; };
		D8B5923E186376B1009422D5 /* CoreGraphics.framework */ = {isa = PBXFileReference; lastKnownFileType = wrapper.framework; name = CoreGraphics.framework; path = System/Library/Frameworks/CoreGraphics.framework; sourceTree = SDKROOT; };
		D8B59240186376B1009422D5 /* UIKit.framework */ = {isa = PBXFileReference; lastKnownFileType = wrapper.framework; name = UIKit.framework; path = System/Library/Frameworks/UIKit.framework; sourceTree = SDKROOT; };
		D8B5925A186376B1009422D5 /* XCTest.framework */ = {isa = PBXFileReference; lastKnownFileType = wrapper.framework; name = XCTest.framework; path = Library/Frameworks/XCTest.framework; sourceTree = DEVELOPER_DIR; };
		D8BC5CC6187C77440018E88F /* OBWidgetViewProtocol.h */ = {isa = PBXFileReference; fileEncoding = 4; lastKnownFileType = sourcecode.c.h; name = OBWidgetViewProtocol.h; path = "../Sample UI/OBWidgetViewProtocol.h"; sourceTree = "<group>"; };
		D8D1FD9B187332540099831C /* OBRecommendationSlideCell.h */ = {isa = PBXFileReference; fileEncoding = 4; lastKnownFileType = sourcecode.c.h; name = OBRecommendationSlideCell.h; path = "../Sample UI/TableCells/OBRecommendationSlideCell.h"; sourceTree = "<group>"; };
		D8D1FD9C187332540099831C /* OBRecommendationSlideCell.m */ = {isa = PBXFileReference; fileEncoding = 4; lastKnownFileType = sourcecode.c.objc; name = OBRecommendationSlideCell.m; path = "../Sample UI/TableCells/OBRecommendationSlideCell.m"; sourceTree = "<group>"; };
		D8D85B8118D9DD41009081B6 /* logo.png */ = {isa = PBXFileReference; lastKnownFileType = image.png; path = logo.png; sourceTree = "<group>"; };
		D8D85B8218D9DD41009081B6 /* logo@2x.png */ = {isa = PBXFileReference; lastKnownFileType = image.png; path = "logo@2x.png"; sourceTree = "<group>"; };
		D8D85B8318D9DD41009081B6 /* tiny-logo.png */ = {isa = PBXFileReference; lastKnownFileType = image.png; path = "tiny-logo.png"; sourceTree = "<group>"; };
		D8D85B8418D9DD41009081B6 /* tiny-logo@2x.png */ = {isa = PBXFileReference; lastKnownFileType = image.png; path = "tiny-logo@2x.png"; sourceTree = "<group>"; };
		D8F5818C18B40F6200AEBC15 /* OBInterstitialHeroView.h */ = {isa = PBXFileReference; fileEncoding = 4; lastKnownFileType = sourcecode.c.h; name = OBInterstitialHeroView.h; path = "../Sample UI/Views/Interstitials/Hero/OBInterstitialHeroView.h"; sourceTree = "<group>"; };
		D8F5818D18B40F6200AEBC15 /* OBInterstitialHeroView.m */ = {isa = PBXFileReference; fileEncoding = 4; lastKnownFileType = sourcecode.c.objc; name = OBInterstitialHeroView.m; path = "../Sample UI/Views/Interstitials/Hero/OBInterstitialHeroView.m"; sourceTree = "<group>"; };
		E643665F1FAA10A500FA617E /* PaddingLabel.h */ = {isa = PBXFileReference; lastKnownFileType = sourcecode.c.h; path = PaddingLabel.h; sourceTree = "<group>"; };
		E64366601FAA10A500FA617E /* PaddingLabel.m */ = {isa = PBXFileReference; lastKnownFileType = sourcecode.c.objc; path = PaddingLabel.m; sourceTree = "<group>"; };
		E66AC3281C99AA4300A23876 /* OutbrainSDK.xcodeproj */ = {isa = PBXFileReference; lastKnownFileType = "wrapper.pb-project"; name = OutbrainSDK.xcodeproj; path = ../../src/OutbrainSDK.xcodeproj; sourceTree = "<group>"; };
		E66AC3391C99AAE000A23876 /* OutbrainSDK.framework */ = {isa = PBXFileReference; lastKnownFileType = wrapper.framework; name = OutbrainSDK.framework; path = ../../OutbrainSDK.framework; sourceTree = "<group>"; };
		E6A5E4061F9C861300D894C5 /* LaunchScreen.storyboard */ = {isa = PBXFileReference; lastKnownFileType = file.storyboard; path = LaunchScreen.storyboard; sourceTree = "<group>"; };
		E6B684761F8A4464004F4AEF /* NewMainStoryboard.storyboard */ = {isa = PBXFileReference; lastKnownFileType = file.storyboard; path = NewMainStoryboard.storyboard; sourceTree = "<group>"; };
		E6E91F811D36749B00A777F3 /* SystemConfiguration.framework */ = {isa = PBXFileReference; lastKnownFileType = wrapper.framework; name = SystemConfiguration.framework; path = System/Library/Frameworks/SystemConfiguration.framework; sourceTree = SDKROOT; };
		E6FFC2C21C28489A00498168 /* WebKit.framework */ = {isa = PBXFileReference; lastKnownFileType = wrapper.framework; name = WebKit.framework; path = System/Library/Frameworks/WebKit.framework; sourceTree = SDKROOT; };
		FC174403191B78E5008B60EF /* OBLabelExtensions.h */ = {isa = PBXFileReference; lastKnownFileType = sourcecode.c.h; name = OBLabelExtensions.h; path = ../../Samples/OutbrainDemo/OBLabelExtensions.h; sourceTree = "<group>"; };
		FC174407191BB6F2008B60EF /* OBLabelWithPadding.h */ = {isa = PBXFileReference; fileEncoding = 4; lastKnownFileType = sourcecode.c.h; name = OBLabelWithPadding.h; path = ../../Samples/OutbrainDemo/OBLabelWithPadding.h; sourceTree = "<group>"; };
		FC174408191BB6F2008B60EF /* OBLabelWithPadding.m */ = {isa = PBXFileReference; fileEncoding = 4; lastKnownFileType = sourcecode.c.objc; name = OBLabelWithPadding.m; path = ../../Samples/OutbrainDemo/OBLabelWithPadding.m; sourceTree = "<group>"; };
		FC631C0B195075400069174A /* OBTestInterstitialClassicView.h */ = {isa = PBXFileReference; fileEncoding = 4; lastKnownFileType = sourcecode.c.h; name = OBTestInterstitialClassicView.h; path = ../../Samples/OutbrainDemo/OBTestInterstitialClassicView.h; sourceTree = "<group>"; };
		FC631C0C195075400069174A /* OBTestInterstitialClassicView.m */ = {isa = PBXFileReference; fileEncoding = 4; lastKnownFileType = sourcecode.c.objc; name = OBTestInterstitialClassicView.m; path = ../../Samples/OutbrainDemo/OBTestInterstitialClassicView.m; sourceTree = "<group>"; };
		FC820C1119DD597F00ABAD89 /* AdSupport.framework */ = {isa = PBXFileReference; lastKnownFileType = wrapper.framework; name = AdSupport.framework; path = System/Library/Frameworks/AdSupport.framework; sourceTree = SDKROOT; };
		FC8900981AA33B49008BAD54 /* TopBoxPostViewCell.h */ = {isa = PBXFileReference; fileEncoding = 4; lastKnownFileType = sourcecode.c.h; name = TopBoxPostViewCell.h; path = "../../../../../../Samples/OutbrainDemo/Journal/Views/Collection Cells/Post Cell/TopBoxPostViewCell.h"; sourceTree = "<group>"; };
		FC8900991AA33B49008BAD54 /* TopBoxPostViewCell.m */ = {isa = PBXFileReference; fileEncoding = 4; lastKnownFileType = sourcecode.c.objc; name = TopBoxPostViewCell.m; path = "../../../../../../Samples/OutbrainDemo/Journal/Views/Collection Cells/Post Cell/TopBoxPostViewCell.m"; sourceTree = "<group>"; };
		FCF0FE871A91C2F0008FC34E /* OBTopBoxView.h */ = {isa = PBXFileReference; fileEncoding = 4; lastKnownFileType = sourcecode.c.h; name = OBTopBoxView.h; path = ../../Samples/OutbrainDemo/OBTopBoxView.h; sourceTree = "<group>"; };
		FCF0FE881A91C2F0008FC34E /* OBTopBoxView.m */ = {isa = PBXFileReference; fileEncoding = 4; lastKnownFileType = sourcecode.c.objc; name = OBTopBoxView.m; path = ../../Samples/OutbrainDemo/OBTopBoxView.m; sourceTree = "<group>"; };
/* End PBXFileReference section */

/* Begin PBXFrameworksBuildPhase section */
		D8B59236186376B1009422D5 /* Frameworks */ = {
			isa = PBXFrameworksBuildPhase;
			buildActionMask = 2147483647;
			files = (
				E6E91F821D36749B00A777F3 /* SystemConfiguration.framework in Frameworks */,
				E66AC33A1C99AAE100A23876 /* OutbrainSDK.framework in Frameworks */,
				E6FFC2C31C28489A00498168 /* WebKit.framework in Frameworks */,
				FC820C1219DD597F00ABAD89 /* AdSupport.framework in Frameworks */,
				D852F384187B5B40008A2A04 /* QuartzCore.framework in Frameworks */,
				D852F382187B5B3C008A2A04 /* Security.framework in Frameworks */,
				D8B5923F186376B1009422D5 /* CoreGraphics.framework in Frameworks */,
				D8B59241186376B1009422D5 /* UIKit.framework in Frameworks */,
				D8B5923D186376B1009422D5 /* Foundation.framework in Frameworks */,
			);
			runOnlyForDeploymentPostprocessing = 0;
		};
/* End PBXFrameworksBuildPhase section */

/* Begin PBXGroup section */
		D825CE9A1898612900E20E38 /* Interstitials */ = {
			isa = PBXGroup;
			children = (
				D8F5818B18B40F2500AEBC15 /* Hero Only */,
				D87534631899A1290083933F /* Hero+Grid */,
				D825CE9B1898613100E20E38 /* Classic Grid */,
				D87534671899A18F0083933F /* OBInterstitialViewProtocol.h */,
			);
			name = Interstitials;
			sourceTree = "<group>";
		};
		D825CE9B1898613100E20E38 /* Classic Grid */ = {
			isa = PBXGroup;
			children = (
				D825CE9C1898619D00E20E38 /* OBInterstitialClassicView.h */,
				D825CE9D1898619D00E20E38 /* OBInterstitialClassicView.m */,
				FC631C0B195075400069174A /* OBTestInterstitialClassicView.h */,
				FC631C0C195075400069174A /* OBTestInterstitialClassicView.m */,
			);
			name = "Classic Grid";
			sourceTree = "<group>";
		};
		D83456431885A543002B2368 /* Journal */ = {
			isa = PBXGroup;
			children = (
				D83456441885A543002B2368 /* Data */,
				D834564A1885A543002B2368 /* OBAppDelegate.h */,
				D834564B1885A543002B2368 /* OBAppDelegate.m */,
				D834564C1885A543002B2368 /* Resources */,
				D83456551885A543002B2368 /* ViewControllers */,
				D834565C1885A543002B2368 /* Views */,
			);
			path = Journal;
			sourceTree = "<group>";
		};
		D83456441885A543002B2368 /* Data */ = {
			isa = PBXGroup;
			children = (
				D83456451885A543002B2368 /* Models */,
				D83456481885A543002B2368 /* OBDemoDataHelper.h */,
				D83456491885A543002B2368 /* OBDemoDataHelper.m */,
			);
			path = Data;
			sourceTree = "<group>";
		};
		D83456451885A543002B2368 /* Models */ = {
			isa = PBXGroup;
			children = (
				D83456461885A543002B2368 /* Post.h */,
				D83456471885A543002B2368 /* Post.m */,
			);
			path = Models;
			sourceTree = "<group>";
		};
		D834564C1885A543002B2368 /* Resources */ = {
			isa = PBXGroup;
			children = (
				D834564D1885A543002B2368 /* Images.xcassets */,
				D834564E1885A543002B2368 /* main.m */,
				D834564F1885A543002B2368 /* Journal-Prefix.pch */,
				D83456501885A543002B2368 /* plists */,
				D83456531885A543002B2368 /* storyboards */,
			);
			path = Resources;
			sourceTree = "<group>";
		};
		D83456501885A543002B2368 /* plists */ = {
			isa = PBXGroup;
			children = (
				D83456511885A543002B2368 /* OBConfig.plist */,
				D83456521885A543002B2368 /* Journal-Info.plist */,
				D8174B2E18A562BC005696C2 /* Settings.bundle */,
			);
			path = plists;
			sourceTree = "<group>";
		};
		D83456531885A543002B2368 /* storyboards */ = {
			isa = PBXGroup;
			children = (
				E6A5E4061F9C861300D894C5 /* LaunchScreen.storyboard */,
				D83456541885A543002B2368 /* MainStoryboard-iphone.storyboard */,
				E6B684761F8A4464004F4AEF /* NewMainStoryboard.storyboard */,
			);
			path = storyboards;
			sourceTree = "<group>";
		};
		D83456551885A543002B2368 /* ViewControllers */ = {
			isa = PBXGroup;
			children = (
				D87BC2E31889D25D006D1173 /* Web VC */,
				D83456561885A543002B2368 /* Posts List */,
				D83456591885A543002B2368 /* Posts Swipe VC */,
			);
			path = ViewControllers;
			sourceTree = "<group>";
		};
		D83456561885A543002B2368 /* Posts List */ = {
			isa = PBXGroup;
			children = (
				D83456571885A543002B2368 /* PostsListVC.h */,
				D83456581885A543002B2368 /* PostsListVC.m */,
			);
			path = "Posts List";
			sourceTree = "<group>";
		};
		D83456591885A543002B2368 /* Posts Swipe VC */ = {
			isa = PBXGroup;
			children = (
				D834565A1885A543002B2368 /* PostsSwipeVC.h */,
				D834565B1885A543002B2368 /* PostsSwipeVC.m */,
			);
			path = "Posts Swipe VC";
			sourceTree = "<group>";
		};
		D834565C1885A543002B2368 /* Views */ = {
			isa = PBXGroup;
			children = (
				D86CEFCC18A15416002B2017 /* Loading View */,
				D834565D1885A543002B2368 /* Collection Cells */,
				D83456611885A543002B2368 /* Paralax TitleView */,
				D83456641885A543002B2368 /* Refresh Control */,
				D83456671885A543002B2368 /* TinyPageControl */,
				E643665F1FAA10A500FA617E /* PaddingLabel.h */,
				E64366601FAA10A500FA617E /* PaddingLabel.m */,
			);
			path = Views;
			sourceTree = "<group>";
		};
		D834565D1885A543002B2368 /* Collection Cells */ = {
			isa = PBXGroup;
			children = (
				D834565E1885A543002B2368 /* Post Cell */,
			);
			path = "Collection Cells";
			sourceTree = "<group>";
		};
		D834565E1885A543002B2368 /* Post Cell */ = {
			isa = PBXGroup;
			children = (
				D834565F1885A543002B2368 /* PostViewCell.h */,
				D83456601885A543002B2368 /* PostViewCell.m */,
				FC8900981AA33B49008BAD54 /* TopBoxPostViewCell.h */,
				FC8900991AA33B49008BAD54 /* TopBoxPostViewCell.m */,
			);
			path = "Post Cell";
			sourceTree = "<group>";
		};
		D83456611885A543002B2368 /* Paralax TitleView */ = {
			isa = PBXGroup;
			children = (
				D83456621885A543002B2368 /* OBParalaxTitleView.h */,
				D83456631885A543002B2368 /* OBParalaxTitleView.m */,
			);
			path = "Paralax TitleView";
			sourceTree = "<group>";
		};
		D83456641885A543002B2368 /* Refresh Control */ = {
			isa = PBXGroup;
			children = (
				D83456651885A543002B2368 /* OBRefreshControl.h */,
				D83456661885A543002B2368 /* OBRefreshControl.m */,
			);
			path = "Refresh Control";
			sourceTree = "<group>";
		};
		D83456671885A543002B2368 /* TinyPageControl */ = {
			isa = PBXGroup;
			children = (
				D83456681885A543002B2368 /* TinyPageControl.h */,
				D83456691885A543002B2368 /* TinyPageControl.m */,
			);
			path = TinyPageControl;
			sourceTree = "<group>";
		};
		D852F385187B6715008A2A04 /* Views */ = {
			isa = PBXGroup;
			children = (
				FCF0FE861A91C2E3008FC34E /* TopBox */,
				D825CE9A1898612900E20E38 /* Interstitials */,
				D87BC2E71889E84B006D1173 /* Adhesion */,
				D87BC2DE18887FD7006D1173 /* Classic */,
			);
			name = Views;
			sourceTree = "<group>";
		};
		D86CEFCC18A15416002B2017 /* Loading View */ = {
			isa = PBXGroup;
			children = (
				D86CEFCD18A15436002B2017 /* JLoadingView.h */,
				D86CEFCE18A15436002B2017 /* JLoadingView.m */,
			);
			name = "Loading View";
			sourceTree = "<group>";
		};
		D87534631899A1290083933F /* Hero+Grid */ = {
			isa = PBXGroup;
			children = (
				D87534641899A1650083933F /* OBInterstitialHeroGridView.h */,
				D87534651899A1650083933F /* OBInterstitialHeroGridView.m */,
			);
			name = "Hero+Grid";
			sourceTree = "<group>";
		};
		D87BC2DE18887FD7006D1173 /* Classic */ = {
			isa = PBXGroup;
			children = (
				D87BC2DF1888800F006D1173 /* OBClassicRecommendationsView.h */,
				D87BC2E01888800F006D1173 /* OBClassicRecommendationsView.m */,
			);
			name = Classic;
			sourceTree = "<group>";
		};
		D87BC2E31889D25D006D1173 /* Web VC */ = {
			isa = PBXGroup;
			children = (
				D87BC2E41889D29A006D1173 /* OBRecommendationWebVC.h */,
				D87BC2E51889D29A006D1173 /* OBRecommendationWebVC.m */,
			);
			name = "Web VC";
			sourceTree = "<group>";
		};
		D87BC2E71889E84B006D1173 /* Adhesion */ = {
			isa = PBXGroup;
			children = (
				D852F386187B673B008A2A04 /* OBAdhesionView.h */,
				D852F387187B673B008A2A04 /* OBAdhesionView.m */,
			);
			name = Adhesion;
			sourceTree = "<group>";
		};
		D8B59230186376B1009422D5 = {
			isa = PBXGroup;
			children = (
				E66AC3281C99AA4300A23876 /* OutbrainSDK.xcodeproj */,
				D83456431885A543002B2368 /* Journal */,
				D8D1FD9318732CA10099831C /* Shared UI */,
				D8B5923B186376B1009422D5 /* Frameworks */,
				D8B5923A186376B1009422D5 /* Products */,
			);
			sourceTree = "<group>";
		};
		D8B5923A186376B1009422D5 /* Products */ = {
			isa = PBXGroup;
			children = (
				D8B59239186376B1009422D5 /* Journal.app */,
			);
			name = Products;
			sourceTree = "<group>";
		};
		D8B5923B186376B1009422D5 /* Frameworks */ = {
			isa = PBXGroup;
			children = (
				E6E91F811D36749B00A777F3 /* SystemConfiguration.framework */,
				E66AC3391C99AAE000A23876 /* OutbrainSDK.framework */,
				E6FFC2C21C28489A00498168 /* WebKit.framework */,
				FC820C1119DD597F00ABAD89 /* AdSupport.framework */,
				D852F383187B5B40008A2A04 /* QuartzCore.framework */,
				D852F381187B5B3C008A2A04 /* Security.framework */,
				D8B5923C186376B1009422D5 /* Foundation.framework */,
				D8B5923E186376B1009422D5 /* CoreGraphics.framework */,
				D8B59240186376B1009422D5 /* UIKit.framework */,
				D8B5925A186376B1009422D5 /* XCTest.framework */,
			);
			name = Frameworks;
			sourceTree = "<group>";
		};
		D8D1FD9318732CA10099831C /* Shared UI */ = {
			isa = PBXGroup;
			children = (
				D8D85B8018D9DD41009081B6 /* Branding Logos */,
				D852F385187B6715008A2A04 /* Views */,
				D8D1FD9A1873321A0099831C /* TableCells */,
				D8BC5CC6187C77440018E88F /* OBWidgetViewProtocol.h */,
				FC174403191B78E5008B60EF /* OBLabelExtensions.h */,
				FC174407191BB6F2008B60EF /* OBLabelWithPadding.h */,
				FC174408191BB6F2008B60EF /* OBLabelWithPadding.m */,
			);
			name = "Shared UI";
			sourceTree = "<group>";
		};
		D8D1FD9A1873321A0099831C /* TableCells */ = {
			isa = PBXGroup;
			children = (
				D8D1FD9B187332540099831C /* OBRecommendationSlideCell.h */,
				D8D1FD9C187332540099831C /* OBRecommendationSlideCell.m */,
			);
			name = TableCells;
			sourceTree = "<group>";
		};
		D8D85B8018D9DD41009081B6 /* Branding Logos */ = {
			isa = PBXGroup;
			children = (
				D8D85B8118D9DD41009081B6 /* logo.png */,
				D8D85B8218D9DD41009081B6 /* logo@2x.png */,
				D8D85B8318D9DD41009081B6 /* tiny-logo.png */,
				D8D85B8418D9DD41009081B6 /* tiny-logo@2x.png */,
			);
			name = "Branding Logos";
			path = "../Sample UI/Branding Logos";
			sourceTree = "<group>";
		};
		D8F5818B18B40F2500AEBC15 /* Hero Only */ = {
			isa = PBXGroup;
			children = (
				D8F5818C18B40F6200AEBC15 /* OBInterstitialHeroView.h */,
				D8F5818D18B40F6200AEBC15 /* OBInterstitialHeroView.m */,
			);
			name = "Hero Only";
			sourceTree = "<group>";
		};
		E66AC3291C99AA4300A23876 /* Products */ = {
			isa = PBXGroup;
			children = (
				E66AC3321C99AA4300A23876 /* libOutbrainSDK.a */,
				E66AC3341C99AA4300A23876 /* OutbrainSDKTests.xctest */,
			);
			name = Products;
			sourceTree = "<group>";
		};
		FCF0FE861A91C2E3008FC34E /* TopBox */ = {
			isa = PBXGroup;
			children = (
				FCF0FE871A91C2F0008FC34E /* OBTopBoxView.h */,
				FCF0FE881A91C2F0008FC34E /* OBTopBoxView.m */,
			);
			name = TopBox;
			sourceTree = "<group>";
		};
/* End PBXGroup section */

/* Begin PBXNativeTarget section */
		D8B59238186376B1009422D5 /* Journal */ = {
			isa = PBXNativeTarget;
			buildConfigurationList = D8B5926B186376B1009422D5 /* Build configuration list for PBXNativeTarget "Journal" */;
			buildPhases = (
				D8B59235186376B1009422D5 /* Sources */,
				D8B59236186376B1009422D5 /* Frameworks */,
				D8B59237186376B1009422D5 /* Resources */,
			);
			buildRules = (
			);
			dependencies = (
				E66AC3361C99AA5200A23876 /* PBXTargetDependency */,
			);
			name = Journal;
			productName = OutbrainDemo;
			productReference = D8B59239186376B1009422D5 /* Journal.app */;
			productType = "com.apple.product-type.application";
		};
/* End PBXNativeTarget section */

/* Begin PBXProject section */
		D8B59231186376B1009422D5 /* Project object */ = {
			isa = PBXProject;
			attributes = {
				CLASSPREFIX = OB;
				LastUpgradeCheck = 0900;
				ORGANIZATIONNAME = "Mercury Intermedia";
				TargetAttributes = {
					D8B59238186376B1009422D5 = {
						DevelopmentTeam = 97R2B46745;
					};
				};
			};
			buildConfigurationList = D8B59234186376B1009422D5 /* Build configuration list for PBXProject "OutbrainDemo" */;
			compatibilityVersion = "Xcode 3.2";
			developmentRegion = English;
			hasScannedForEncodings = 0;
			knownRegions = (
				en,
				Base,
			);
			mainGroup = D8B59230186376B1009422D5;
			productRefGroup = D8B5923A186376B1009422D5 /* Products */;
			projectDirPath = "";
			projectReferences = (
				{
					ProductGroup = E66AC3291C99AA4300A23876 /* Products */;
					ProjectRef = E66AC3281C99AA4300A23876 /* OutbrainSDK.xcodeproj */;
				},
			);
			projectRoot = "";
			targets = (
				D8B59238186376B1009422D5 /* Journal */,
			);
		};
/* End PBXProject section */

/* Begin PBXReferenceProxy section */
		E66AC3321C99AA4300A23876 /* libOutbrainSDK.a */ = {
			isa = PBXReferenceProxy;
			fileType = archive.ar;
			path = libOutbrainSDK.a;
			remoteRef = E66AC3311C99AA4300A23876 /* PBXContainerItemProxy */;
			sourceTree = BUILT_PRODUCTS_DIR;
		};
		E66AC3341C99AA4300A23876 /* OutbrainSDKTests.xctest */ = {
			isa = PBXReferenceProxy;
			fileType = wrapper.cfbundle;
			path = OutbrainSDKTests.xctest;
			remoteRef = E66AC3331C99AA4300A23876 /* PBXContainerItemProxy */;
			sourceTree = BUILT_PRODUCTS_DIR;
		};
/* End PBXReferenceProxy section */

/* Begin PBXResourcesBuildPhase section */
		D8B59237186376B1009422D5 /* Resources */ = {
			isa = PBXResourcesBuildPhase;
			buildActionMask = 2147483647;
			files = (
				D83456711885A543002B2368 /* MainStoryboard-iphone.storyboard in Resources */,
				D834566D1885A543002B2368 /* Images.xcassets in Resources */,
				D8D85B8918D9DD41009081B6 /* tiny-logo.png in Resources */,
				E6A5E4071F9C869B00D894C5 /* LaunchScreen.storyboard in Resources */,
				D8D85B8518D9DD41009081B6 /* logo.png in Resources */,
				D8D85B8B18D9DD41009081B6 /* tiny-logo@2x.png in Resources */,
				E6B684771F8A4464004F4AEF /* NewMainStoryboard.storyboard in Resources */,
				D8174B2F18A562BC005696C2 /* Settings.bundle in Resources */,
				D8D85B8718D9DD41009081B6 /* logo@2x.png in Resources */,
				D834566F1885A543002B2368 /* OBConfig.plist in Resources */,
			);
			runOnlyForDeploymentPostprocessing = 0;
		};
/* End PBXResourcesBuildPhase section */

/* Begin PBXSourcesBuildPhase section */
		D8B59235186376B1009422D5 /* Sources */ = {
			isa = PBXSourcesBuildPhase;
			buildActionMask = 2147483647;
			files = (
				D87534661899A1650083933F /* OBInterstitialHeroGridView.m in Sources */,
				D825CE9E1898619D00E20E38 /* OBInterstitialClassicView.m in Sources */,
				FC89009A1AA33B49008BAD54 /* TopBoxPostViewCell.m in Sources */,
				D834566B1885A543002B2368 /* OBDemoDataHelper.m in Sources */,
				D83456771885A543002B2368 /* TinyPageControl.m in Sources */,
				D852F388187B673B008A2A04 /* OBAdhesionView.m in Sources */,
				D83456731885A543002B2368 /* PostsSwipeVC.m in Sources */,
				D8D1FD9D187332540099831C /* OBRecommendationSlideCell.m in Sources */,
				D87BC2E218888016006D1173 /* OBClassicRecommendationsView.m in Sources */,
				D83456751885A543002B2368 /* OBParalaxTitleView.m in Sources */,
				E64366611FAA10A500FA617E /* PaddingLabel.m in Sources */,
				D834566A1885A543002B2368 /* Post.m in Sources */,
				D86CEFCF18A15436002B2017 /* JLoadingView.m in Sources */,
				D834566E1885A543002B2368 /* main.m in Sources */,
				D83456721885A543002B2368 /* PostsListVC.m in Sources */,
				D83456741885A543002B2368 /* PostViewCell.m in Sources */,
				D87BC2E61889D29A006D1173 /* OBRecommendationWebVC.m in Sources */,
				D83456761885A543002B2368 /* OBRefreshControl.m in Sources */,
				FC89009B1AA34370008BAD54 /* OBTopBoxView.m in Sources */,
				D834566C1885A543002B2368 /* OBAppDelegate.m in Sources */,
				D8F5818F18B4103A00AEBC15 /* OBInterstitialHeroView.m in Sources */,
				FC174409191BB6F2008B60EF /* OBLabelWithPadding.m in Sources */,
			);
			runOnlyForDeploymentPostprocessing = 0;
		};
/* End PBXSourcesBuildPhase section */

/* Begin PBXTargetDependency section */
		E66AC3361C99AA5200A23876 /* PBXTargetDependency */ = {
			isa = PBXTargetDependency;
			name = OBFramework;
			targetProxy = E66AC3351C99AA5200A23876 /* PBXContainerItemProxy */;
		};
/* End PBXTargetDependency section */

/* Begin XCBuildConfiguration section */
		D8B59269186376B1009422D5 /* Debug */ = {
			isa = XCBuildConfiguration;
			buildSettings = {
				ALWAYS_SEARCH_USER_PATHS = NO;
				CLANG_CXX_LANGUAGE_STANDARD = "gnu++0x";
				CLANG_CXX_LIBRARY = "libc++";
				CLANG_ENABLE_MODULES = YES;
				CLANG_ENABLE_OBJC_ARC = YES;
				CLANG_WARN_BLOCK_CAPTURE_AUTORELEASING = YES;
				CLANG_WARN_BOOL_CONVERSION = YES;
				CLANG_WARN_COMMA = YES;
				CLANG_WARN_CONSTANT_CONVERSION = YES;
				CLANG_WARN_DIRECT_OBJC_ISA_USAGE = YES_ERROR;
				CLANG_WARN_EMPTY_BODY = YES;
				CLANG_WARN_ENUM_CONVERSION = YES;
				CLANG_WARN_INFINITE_RECURSION = YES;
				CLANG_WARN_INT_CONVERSION = YES;
				CLANG_WARN_NON_LITERAL_NULL_CONVERSION = YES;
				CLANG_WARN_OBJC_LITERAL_CONVERSION = YES;
				CLANG_WARN_OBJC_ROOT_CLASS = YES_ERROR;
				CLANG_WARN_RANGE_LOOP_ANALYSIS = YES;
				CLANG_WARN_STRICT_PROTOTYPES = YES;
				CLANG_WARN_SUSPICIOUS_MOVE = YES;
				CLANG_WARN_UNREACHABLE_CODE = YES;
				CLANG_WARN__DUPLICATE_METHOD_MATCH = YES;
				"CODE_SIGN_IDENTITY[sdk=iphoneos*]" = "iPhone Developer";
				COPY_PHASE_STRIP = NO;
				ENABLE_STRICT_OBJC_MSGSEND = YES;
				ENABLE_TESTABILITY = YES;
				GCC_C_LANGUAGE_STANDARD = gnu99;
				GCC_DYNAMIC_NO_PIC = NO;
				GCC_NO_COMMON_BLOCKS = YES;
				GCC_OPTIMIZATION_LEVEL = 0;
				GCC_PREPROCESSOR_DEFINITIONS = (
					"DEBUG=1",
					"$(inherited)",
				);
				GCC_SYMBOLS_PRIVATE_EXTERN = NO;
				GCC_WARN_64_TO_32_BIT_CONVERSION = YES;
				GCC_WARN_ABOUT_RETURN_TYPE = YES_ERROR;
				GCC_WARN_UNDECLARED_SELECTOR = YES;
				GCC_WARN_UNINITIALIZED_AUTOS = YES;
				GCC_WARN_UNUSED_FUNCTION = YES;
				GCC_WARN_UNUSED_VARIABLE = YES;
				INSTALL_PATH = /Applications;
				IPHONEOS_DEPLOYMENT_TARGET = 9.0;
				ONLY_ACTIVE_ARCH = YES;
				SDKROOT = iphoneos;
				SKIP_INSTALL = NO;
				TARGETED_DEVICE_FAMILY = "1,2";
			};
			name = Debug;
		};
		D8B5926A186376B1009422D5 /* Release */ = {
			isa = XCBuildConfiguration;
			buildSettings = {
				ALWAYS_SEARCH_USER_PATHS = NO;
				CLANG_CXX_LANGUAGE_STANDARD = "gnu++0x";
				CLANG_CXX_LIBRARY = "libc++";
				CLANG_ENABLE_MODULES = YES;
				CLANG_ENABLE_OBJC_ARC = YES;
				CLANG_WARN_BLOCK_CAPTURE_AUTORELEASING = YES;
				CLANG_WARN_BOOL_CONVERSION = YES;
				CLANG_WARN_COMMA = YES;
				CLANG_WARN_CONSTANT_CONVERSION = YES;
				CLANG_WARN_DIRECT_OBJC_ISA_USAGE = YES_ERROR;
				CLANG_WARN_EMPTY_BODY = YES;
				CLANG_WARN_ENUM_CONVERSION = YES;
				CLANG_WARN_INFINITE_RECURSION = YES;
				CLANG_WARN_INT_CONVERSION = YES;
				CLANG_WARN_NON_LITERAL_NULL_CONVERSION = YES;
				CLANG_WARN_OBJC_LITERAL_CONVERSION = YES;
				CLANG_WARN_OBJC_ROOT_CLASS = YES_ERROR;
				CLANG_WARN_RANGE_LOOP_ANALYSIS = YES;
				CLANG_WARN_STRICT_PROTOTYPES = YES;
				CLANG_WARN_SUSPICIOUS_MOVE = YES;
				CLANG_WARN_UNREACHABLE_CODE = YES;
				CLANG_WARN__DUPLICATE_METHOD_MATCH = YES;
				"CODE_SIGN_IDENTITY[sdk=iphoneos*]" = "iPhone Developer";
				COPY_PHASE_STRIP = YES;
				ENABLE_NS_ASSERTIONS = NO;
				ENABLE_STRICT_OBJC_MSGSEND = YES;
				GCC_C_LANGUAGE_STANDARD = gnu99;
				GCC_NO_COMMON_BLOCKS = YES;
				GCC_WARN_64_TO_32_BIT_CONVERSION = YES;
				GCC_WARN_ABOUT_RETURN_TYPE = YES_ERROR;
				GCC_WARN_UNDECLARED_SELECTOR = YES;
				GCC_WARN_UNINITIALIZED_AUTOS = YES;
				GCC_WARN_UNUSED_FUNCTION = YES;
				GCC_WARN_UNUSED_VARIABLE = YES;
				INSTALL_PATH = /Applications;
				IPHONEOS_DEPLOYMENT_TARGET = 9.0;
				SDKROOT = iphoneos;
				SKIP_INSTALL = NO;
				TARGETED_DEVICE_FAMILY = "1,2";
				VALIDATE_PRODUCT = YES;
			};
			name = Release;
		};
		D8B5926C186376B1009422D5 /* Debug */ = {
			isa = XCBuildConfiguration;
			buildSettings = {
				ASSETCATALOG_COMPILER_APPICON_NAME = AppIcon;
				CODE_SIGN_IDENTITY = "iPhone Developer";
				"CODE_SIGN_IDENTITY[sdk=iphoneos*]" = "iPhone Developer";
				DEBUG_INFORMATION_FORMAT = dwarf;
				ENABLE_BITCODE = NO;
				FRAMEWORK_SEARCH_PATHS = (
					"$(inherited)",
					"${SRCROOT}/../**",
					"$(PROJECT_DIR)",
				);
				GCC_PRECOMPILE_PREFIX_HEADER = YES;
				GCC_PREFIX_HEADER = "${SRCROOT}/Journal/Resources/Journal-Prefix.pch";
				GCC_PREPROCESSOR_DEFINITIONS = (
					"DEBUG=1",
					"$(inherited)",
				);
				INFOPLIST_FILE = "$(SRCROOT)/Journal/Resources/plists/Journal-Info.plist";
				INSTALL_PATH = $HOME/Applications;
				IPHONEOS_DEPLOYMENT_TARGET = 9.0;
				LIBRARY_SEARCH_PATHS = "$(inherited)";
				OTHER_LDFLAGS = "-all_load";
				PRODUCT_BUNDLE_IDENTIFIER = com.outbrain.demo;
				PRODUCT_NAME = "$(TARGET_NAME)";
				PROVISIONING_PROFILE = "";
				TARGETED_DEVICE_FAMILY = 1;
				WRAPPER_EXTENSION = app;
			};
			name = Debug;
		};
		D8B5926D186376B1009422D5 /* Release */ = {
			isa = XCBuildConfiguration;
			buildSettings = {
				ASSETCATALOG_COMPILER_APPICON_NAME = AppIcon;
				CODE_SIGN_IDENTITY = "iPhone Developer";
				"CODE_SIGN_IDENTITY[sdk=iphoneos*]" = "iPhone Developer";
				ENABLE_BITCODE = NO;
				FRAMEWORK_SEARCH_PATHS = (
					"$(inherited)",
					"${SRCROOT}/../**",
					"$(PROJECT_DIR)",
				);
				GCC_PRECOMPILE_PREFIX_HEADER = YES;
				GCC_PREFIX_HEADER = "${SRCROOT}/Journal/Resources/Journal-Prefix.pch";
				INFOPLIST_FILE = "$(SRCROOT)/Journal/Resources/plists/Journal-Info.plist";
				INSTALL_PATH = $HOME/Applications;
				IPHONEOS_DEPLOYMENT_TARGET = 9.0;
				LIBRARY_SEARCH_PATHS = "$(inherited)";
				OTHER_LDFLAGS = "-all_load";
				PRODUCT_BUNDLE_IDENTIFIER = com.outbrain.demo;
				PRODUCT_NAME = "$(TARGET_NAME)";
				PROVISIONING_PROFILE = "";
				TARGETED_DEVICE_FAMILY = 1;
				WRAPPER_EXTENSION = app;
			};
			name = Release;
		};
/* End XCBuildConfiguration section */

/* Begin XCConfigurationList section */
		D8B59234186376B1009422D5 /* Build configuration list for PBXProject "OutbrainDemo" */ = {
			isa = XCConfigurationList;
			buildConfigurations = (
				D8B59269186376B1009422D5 /* Debug */,
				D8B5926A186376B1009422D5 /* Release */,
			);
			defaultConfigurationIsVisible = 0;
			defaultConfigurationName = Release;
		};
		D8B5926B186376B1009422D5 /* Build configuration list for PBXNativeTarget "Journal" */ = {
			isa = XCConfigurationList;
			buildConfigurations = (
				D8B5926C186376B1009422D5 /* Debug */,
				D8B5926D186376B1009422D5 /* Release */,
			);
			defaultConfigurationIsVisible = 0;
			defaultConfigurationName = Release;
		};
/* End XCConfigurationList section */
	};
	rootObject = D8B59231186376B1009422D5 /* Project object */;
}
